<?xml version="1.0" encoding="utf-8"?>
<Project xmlns="http://schemas.microsoft.com/developer/msbuild/2003">
  <ItemGroup>
    <Filter Include="Common Files">
      <UniqueIdentifier>{9b57629c-32c9-46ae-875b-2b4f74296ab3}</UniqueIdentifier>
    </Filter>
    <Filter Include="Common Files\version">
      <UniqueIdentifier>{949e9e7a-5e86-4533-8c25-da74e091411d}</UniqueIdentifier>
    </Filter>
    <Filter Include="Common Files\ipc">
      <UniqueIdentifier>{d99c327e-65dd-4aa3-9620-bf024e816904}</UniqueIdentifier>
    </Filter>
    <Filter Include="Common Files\ipc\generated_proto">
      <UniqueIdentifier>{248e75ab-6872-4561-a86b-3a1889d2367f}</UniqueIdentifier>
    </Filter>
    <Filter Include="Common Files\utils">
      <UniqueIdentifier>{03d951df-39c0-4e1a-91e8-0598fa34d375}</UniqueIdentifier>
    </Filter>
    <Filter Include="Engine Files">
      <UniqueIdentifier>{93995380-89BD-4b04-88EB-625FBE52EBFB}</UniqueIdentifier>
      <Extensions>h;hpp;hxx;hm;inl;inc;xsd</Extensions>
    </Filter>
    <Filter Include="Engine Files\application">
      <UniqueIdentifier>{a6ada028-c663-414a-b3f3-8dec793c5906}</UniqueIdentifier>
    </Filter>
    <Filter Include="Engine Files\engine">
      <UniqueIdentifier>{0393b1cb-7009-4076-9531-6a96a0951825}</UniqueIdentifier>
    </Filter>
    <Filter Include="Engine Files\engine\connectionmanager">
      <UniqueIdentifier>{f1aa61ef-6659-4714-b4ec-b07223475a8f}</UniqueIdentifier>
    </Filter>
    <Filter Include="Engine Files\engine\connectstatecontroller">
      <UniqueIdentifier>{4d630c48-b893-4b96-882d-edc517cce67a}</UniqueIdentifier>
    </Filter>
    <Filter Include="Engine Files\engine\customovpnconfigs">
      <UniqueIdentifier>{8afb02fe-9219-4d93-86ee-eac33a3a35bb}</UniqueIdentifier>
    </Filter>
    <Filter Include="Engine Files\engine\dnsresolver">
      <UniqueIdentifier>{f719605d-d379-46f8-a587-286670c1a915}</UniqueIdentifier>
    </Filter>
    <Filter Include="Engine Files\engine\emergencycontroller">
      <UniqueIdentifier>{9a79d062-8f3c-4160-9dd1-0efe82593400}</UniqueIdentifier>
    </Filter>
    <Filter Include="Engine Files\engine\firewall">
      <UniqueIdentifier>{f6c258f0-6077-407e-a247-bfe14ecbc331}</UniqueIdentifier>
    </Filter>
    <Filter Include="Engine Files\engine\helper">
      <UniqueIdentifier>{48099b11-7281-43a8-a066-4b742cfbac89}</UniqueIdentifier>
    </Filter>
    <Filter Include="Engine Files\engine\logincontroller">
      <UniqueIdentifier>{a51d7f93-6531-43e6-924b-85aaf495d24b}</UniqueIdentifier>
    </Filter>
    <Filter Include="Engine Files\engine\macaddresscontroller">
      <UniqueIdentifier>{44af6350-d731-4151-a3ed-d0a58ff5b83a}</UniqueIdentifier>
    </Filter>
    <Filter Include="Engine Files\engine\networkdetectionmanager">
      <UniqueIdentifier>{a4220dcd-b919-4947-a4de-13a36096e8d0}</UniqueIdentifier>
    </Filter>
    <Filter Include="Engine Files\engine\networkstatemanager">
      <UniqueIdentifier>{01814516-89c0-4092-ab50-46ab0d34041d}</UniqueIdentifier>
    </Filter>
    <Filter Include="Engine Files\engine\taputils">
      <UniqueIdentifier>{0f5c3abf-bc00-44cb-8310-68bb16e1bb51}</UniqueIdentifier>
    </Filter>
    <Filter Include="Engine Files\engine\ping">
      <UniqueIdentifier>{35ec9e2c-abe4-41e7-a622-60f85f5256c8}</UniqueIdentifier>
    </Filter>
    <Filter Include="Engine Files\engine\proxy">
      <UniqueIdentifier>{7595b68a-f21b-44ff-a7d1-fd3df9b7cda6}</UniqueIdentifier>
    </Filter>
    <Filter Include="Engine Files\engine\splittunnelingnetworkinfo">
      <UniqueIdentifier>{eff13eac-d699-4292-8812-140b1a0e13d3}</UniqueIdentifier>
    </Filter>
    <Filter Include="Engine Files\engine\serverapi">
      <UniqueIdentifier>{22f73589-5698-4222-a2da-0c210c9caddb}</UniqueIdentifier>
    </Filter>
    <Filter Include="Engine Files\engine\serversmodel">
      <UniqueIdentifier>{bcc5020c-4520-4577-8a7f-9c46609a2cc2}</UniqueIdentifier>
    </Filter>
    <Filter Include="Engine Files\engine\tests">
      <UniqueIdentifier>{8f2ffc16-c484-4a17-9582-1aa41c00bd88}</UniqueIdentifier>
    </Filter>
    <Filter Include="Engine Files\engine\types">
      <UniqueIdentifier>{f3d4b070-61a4-43da-8051-155f99317d0a}</UniqueIdentifier>
    </Filter>
    <Filter Include="Engine Files\engine\vpnshare">
      <UniqueIdentifier>{5954dbe0-a85e-408e-bc11-180fd28ae487}</UniqueIdentifier>
    </Filter>
    <Filter Include="Engine Files\engine\vpnshare\httpproxyserver">
      <UniqueIdentifier>{040d8170-14dc-4670-a38b-18bb8fe9b071}</UniqueIdentifier>
    </Filter>
    <Filter Include="Engine Files\engine\vpnshare\socketutils">
      <UniqueIdentifier>{7be45caf-5c41-4e91-8060-0cf4c11d86bf}</UniqueIdentifier>
    </Filter>
    <Filter Include="Engine Files\engine\vpnshare\socksproxyserver">
      <UniqueIdentifier>{4457e562-abba-4bb4-86fb-ae2059ada722}</UniqueIdentifier>
    </Filter>
    <Filter Include="Engine Files\engine\vpnshare\wifisharing">
      <UniqueIdentifier>{55e4d542-4880-4828-95cf-d886d2aff3d1}</UniqueIdentifier>
    </Filter>
    <Filter Include="Engine Files\utils">
      <UniqueIdentifier>{ae2727a0-72c8-4bf8-9827-6b25d4724783}</UniqueIdentifier>
    </Filter>
    <Filter Include="Engine Files\localhttpserver">
      <UniqueIdentifier>{d822cbda-aa23-4136-8b3d-6a73ceaa3faf}</UniqueIdentifier>
    </Filter>
    <Filter Include="Misc Files">
      <UniqueIdentifier>{a6cfb2d9-05e2-4dc1-ae1f-37932f1477b7}</UniqueIdentifier>
    </Filter>
    <Filter Include="Misc Files\Resource Files">
      <UniqueIdentifier>{D9D6E242-F8AF-46E4-B9FD-80ECBC20BA3E}</UniqueIdentifier>
      <Extensions>qrc;*</Extensions>
      <ParseFiles>false</ParseFiles>
    </Filter>
    <Filter Include="Misc Files\Generated Files">
      <UniqueIdentifier>{71ED8ED8-ACB9-4CE9-BBE1-E00B30144E11}</UniqueIdentifier>
      <Extensions>cpp;c;cxx;moc;h;def;odl;idl;res;</Extensions>
    </Filter>
    <Filter Include="Common Files\ipc\proto">
      <UniqueIdentifier>{41c167ee-67c9-4182-b60b-d188f9efa603}</UniqueIdentifier>
    </Filter>
    <Filter Include="Common Files\utils\executable_signature">
      <UniqueIdentifier>{fcf1a50e-d9cc-480b-9eb5-679385e35010}</UniqueIdentifier>
    </Filter>
  </ItemGroup>
  <ItemGroup>
    <ClCompile Include="application\windowsnativeeventfilter.cpp">
      <Filter>Engine Files\application</Filter>
    </ClCompile>
    <ClCompile Include="application\windscribeapplication.cpp">
      <Filter>Engine Files\application</Filter>
    </ClCompile>
    <ClCompile Include="engine\adaptermetricscontroller_win.cpp">
      <Filter>Engine Files\engine</Filter>
    </ClCompile>
    <ClCompile Include="clientconnectiondescr.cpp">
      <Filter>Engine Files</Filter>
    </ClCompile>
    <ClCompile Include="engineserver.cpp">
      <Filter>Engine Files</Filter>
    </ClCompile>
    <ClCompile Include="main.cpp">
      <Filter>Engine Files</Filter>
    </ClCompile>
    <ClCompile Include="qconsolelistener.cpp">
      <Filter>Engine Files</Filter>
    </ClCompile>
    <ClCompile Include="engine\types\apiinfo.cpp">
      <Filter>Engine Files\engine\types</Filter>
    </ClCompile>
    <ClCompile Include="..\..\common\version\appversion.cpp">
      <Filter>Common Files\version</Filter>
    </ClCompile>
    <ClCompile Include="engine\dnsresolver\areslibraryinit.cpp">
      <Filter>Engine Files\engine\dnsresolver</Filter>
    </ClCompile>
    <ClCompile Include="engine\dnsresolver\dnsresolver.cpp">
      <Filter>Engine Files\engine\dnsresolver</Filter>
    </ClCompile>
    <ClCompile Include="engine\dnsresolver\dnsutils_win.cpp">
      <Filter>Engine Files\engine\dnsresolver</Filter>
    </ClCompile>
    <ClCompile Include="engine\proxy\autodetectproxy_win.cpp">
      <Filter>Engine Files\engine\proxy</Filter>
    </ClCompile>
    <ClCompile Include="engine\proxy\proxysettings.cpp">
      <Filter>Engine Files\engine\proxy</Filter>
    </ClCompile>
    <ClCompile Include="engine\proxy\proxyservercontroller.cpp">
      <Filter>Engine Files\engine\proxy</Filter>
    </ClCompile>
    <ClCompile Include="utils\bfecontroller_win.cpp">
      <Filter>Engine Files\utils</Filter>
    </ClCompile>
    <ClCompile Include="engine\connectionmanager\availableport.cpp">
      <Filter>Engine Files\engine\connectionmanager</Filter>
    </ClCompile>
    <ClCompile Include="engine\connectionmanager\automanualconnectioncontroller.cpp">
      <Filter>Engine Files\engine\connectionmanager</Filter>
    </ClCompile>
    <ClCompile Include="engine\connectionmanager\connectionmanager.cpp">
      <Filter>Engine Files\engine\connectionmanager</Filter>
    </ClCompile>
    <ClCompile Include="engine\connectionmanager\finishactiveconnections.cpp">
      <Filter>Engine Files\engine\connectionmanager</Filter>
    </ClCompile>
    <ClCompile Include="engine\serverapi\certmanager.cpp">
      <Filter>Engine Files\engine\serverapi</Filter>
    </ClCompile>
    <ClCompile Include="engine\taputils\checkadapterenable.cpp">
      <Filter>Engine Files\engine\taputils</Filter>
    </ClCompile>
    <ClCompile Include="..\..\common\ipc\generated_proto\types.pb.cc">
      <Filter>Common Files\ipc\generated_proto</Filter>
    </ClCompile>
    <ClCompile Include="..\..\common\ipc\generated_proto\servercommands.pb.cc">
      <Filter>Common Files\ipc\generated_proto</Filter>
    </ClCompile>
    <ClCompile Include="..\..\common\ipc\generated_proto\clientcommands.pb.cc">
      <Filter>Common Files\ipc\generated_proto</Filter>
    </ClCompile>
    <ClCompile Include="..\..\common\ipc\commandfactory.cpp">
      <Filter>Common Files\ipc</Filter>
    </ClCompile>
    <ClCompile Include="engine\vpnshare\connecteduserscounter.cpp">
      <Filter>Engine Files\engine\vpnshare</Filter>
    </ClCompile>
    <ClCompile Include="engine\types\connectionsettings.cpp">
      <Filter>Engine Files\engine\types</Filter>
    </ClCompile>
    <ClCompile Include="..\..\common\ipc\connection.cpp">
      <Filter>Common Files\ipc</Filter>
    </ClCompile>
    <ClCompile Include="engine\connectstatecontroller\connectstatecontroller.cpp">
      <Filter>Engine Files\engine\connectstatecontroller</Filter>
    </ClCompile>
    <ClCompile Include="engine\crossplatformobjectfactory.cpp">
      <Filter>Engine Files\engine</Filter>
    </ClCompile>
    <ClCompile Include="engine\serverapi\curlnetworkmanager.cpp">
      <Filter>Engine Files\engine\serverapi</Filter>
    </ClCompile>
    <ClCompile Include="engine\curlinitcontroller.cpp">
      <Filter>Engine Files\engine</Filter>
    </ClCompile>
    <ClCompile Include="engine\serverapi\curlrequest.cpp">
      <Filter>Engine Files\engine\serverapi</Filter>
    </ClCompile>
    <ClCompile Include="engine\serverapi\dnscache.cpp">
      <Filter>Engine Files\engine\serverapi</Filter>
    </ClCompile>
    <ClCompile Include="engine\serverapi\serverapi.cpp">
      <Filter>Engine Files\engine\serverapi</Filter>
    </ClCompile>
    <ClCompile Include="engine\customovpnconfigs\customovpnconfigs.cpp">
      <Filter>Engine Files\engine\customovpnconfigs</Filter>
    </ClCompile>
    <ClCompile Include="engine\customovpnconfigs\customconfigsdirwatcher.cpp">
      <Filter>Engine Files\engine\customovpnconfigs</Filter>
    </ClCompile>
    <ClCompile Include="engine\customovpnconfigs\customovpnauthcredentialsstorage.cpp">
      <Filter>Engine Files\engine\customovpnconfigs</Filter>
    </ClCompile>
    <ClCompile Include="engine\customovpnconfigs\parseovpnconfigline.cpp">
      <Filter>Engine Files\engine\customovpnconfigs</Filter>
    </ClCompile>
    <ClCompile Include="engine\types\dnsresolutionsettings.cpp">
      <Filter>Engine Files\engine\types</Filter>
    </ClCompile>
    <ClCompile Include="engine\dnsinfo_win.cpp">
      <Filter>Engine Files\engine</Filter>
    </ClCompile>
    <ClCompile Include="engine\emergencycontroller\emergencycontroller.cpp">
      <Filter>Engine Files\engine\emergencycontroller</Filter>
    </ClCompile>
    <ClCompile Include="engine\engine.cpp">
      <Filter>Engine Files\engine</Filter>
    </ClCompile>
    <ClCompile Include="engine\enginesettings.cpp">
      <Filter>Engine Files\engine</Filter>
    </ClCompile>
    <ClCompile Include="..\..\common\utils\extraconfig.cpp">
      <Filter>Common Files\utils</Filter>
    </ClCompile>
    <ClCompile Include="..\..\common\utils\logger.cpp">
      <Filter>Common Files\utils</Filter>
    </ClCompile>
    <ClCompile Include="..\..\common\utils\utils.cpp">
      <Filter>Common Files\utils</Filter>
    </ClCompile>
    <ClCompile Include="..\..\common\utils\winutils.cpp">
      <Filter>Common Files\utils</Filter>
    </ClCompile>
    <ClCompile Include="engine\serversmodel\failedpinglogcontroller.cpp">
      <Filter>Engine Files\engine\serversmodel</Filter>
    </ClCompile>
    <ClCompile Include="engine\firewall\firewallcontroller.cpp">
      <Filter>Engine Files\engine\firewall</Filter>
    </ClCompile>
    <ClCompile Include="engine\firewall\firewallcontroller_win.cpp">
      <Filter>Engine Files\engine\firewall</Filter>
    </ClCompile>
    <ClCompile Include="engine\firewall\firewallexceptions.cpp">
      <Filter>Engine Files\engine\firewall</Filter>
    </ClCompile>
    <ClCompile Include="engine\firewall\uniqueiplist.cpp">
      <Filter>Engine Files\engine\firewall</Filter>
    </ClCompile>
    <ClCompile Include="engine\logincontroller\getallconfigscontroller.cpp">
      <Filter>Engine Files\engine\logincontroller</Filter>
    </ClCompile>
    <ClCompile Include="engine\logincontroller\getapiaccessips.cpp">
      <Filter>Engine Files\engine\logincontroller</Filter>
    </ClCompile>
    <ClCompile Include="engine\logincontroller\logincontroller.cpp">
      <Filter>Engine Files\engine\logincontroller</Filter>
    </ClCompile>
    <ClCompile Include="engine\hardcodedsettings.cpp">
      <Filter>Engine Files\engine</Filter>
    </ClCompile>
    <ClCompile Include="engine\getmyipcontroller.cpp">
      <Filter>Engine Files\engine</Filter>
    </ClCompile>
    <ClCompile Include="engine\getdeviceid.cpp">
      <Filter>Engine Files\engine</Filter>
    </ClCompile>
    <ClCompile Include="engine\helper\helper_win.cpp">
      <Filter>Engine Files\engine\helper</Filter>
    </ClCompile>
    <ClCompile Include="engine\vpnshare\httpproxyserver\httpproxywebanswerparser.cpp">
      <Filter>Engine Files\engine\vpnshare\httpproxyserver</Filter>
    </ClCompile>
    <ClCompile Include="engine\vpnshare\httpproxyserver\httpproxyconnection.cpp">
      <Filter>Engine Files\engine\vpnshare\httpproxyserver</Filter>
    </ClCompile>
    <ClCompile Include="engine\vpnshare\httpproxyserver\httpproxyconnectionmanager.cpp">
      <Filter>Engine Files\engine\vpnshare\httpproxyserver</Filter>
    </ClCompile>
    <ClCompile Include="engine\vpnshare\httpproxyserver\httpproxyreply.cpp">
      <Filter>Engine Files\engine\vpnshare\httpproxyserver</Filter>
    </ClCompile>
    <ClCompile Include="engine\vpnshare\httpproxyserver\httpproxyrequest.cpp">
      <Filter>Engine Files\engine\vpnshare\httpproxyserver</Filter>
    </ClCompile>
    <ClCompile Include="engine\vpnshare\httpproxyserver\httpproxyrequestparser.cpp">
      <Filter>Engine Files\engine\vpnshare\httpproxyserver</Filter>
    </ClCompile>
    <ClCompile Include="engine\vpnshare\httpproxyserver\httpproxyserver.cpp">
      <Filter>Engine Files\engine\vpnshare\httpproxyserver</Filter>
    </ClCompile>
    <ClCompile Include="engine\vpnshare\httpproxyserver\httpproxywebanswer.cpp">
      <Filter>Engine Files\engine\vpnshare\httpproxyserver</Filter>
    </ClCompile>
    <ClCompile Include="engine\connectionmanager\ikev2connectiondisconnectlogic_win.cpp">
      <Filter>Engine Files\engine\connectionmanager</Filter>
    </ClCompile>
    <ClCompile Include="engine\connectionmanager\ikev2connection_test.cpp">
      <Filter>Engine Files\engine\connectionmanager</Filter>
    </ClCompile>
    <ClCompile Include="engine\connectionmanager\ikev2connection_win.cpp">
      <Filter>Engine Files\engine\connectionmanager</Filter>
    </ClCompile>
    <ClCompile Include="engine\vpnshare\wifisharing\icsmanager.cpp">
      <Filter>Engine Files\engine\vpnshare\wifisharing</Filter>
    </ClCompile>
    <ClCompile Include="engine\vpnshare\wifisharing\wifisharing.cpp">
      <Filter>Engine Files\engine\vpnshare\wifisharing</Filter>
    </ClCompile>
    <ClCompile Include="engine\vpnshare\wifisharing\wlanmanager.cpp">
      <Filter>Engine Files\engine\vpnshare\wifisharing</Filter>
    </ClCompile>
    <ClCompile Include="engine\helper\initializehelper.cpp">
      <Filter>Engine Files\engine\helper</Filter>
    </ClCompile>
    <ClCompile Include="utils\installedantiviruses_win.cpp">
      <Filter>Engine Files\utils</Filter>
    </ClCompile>
    <ClCompile Include="utils\ipvalidation.cpp">
      <Filter>Engine Files\utils</Filter>
    </ClCompile>
    <ClCompile Include="utils\mergelog.cpp">
      <Filter>Engine Files\utils</Filter>
    </ClCompile>
    <ClCompile Include="utils\simplecrypt.cpp">
      <Filter>Engine Files\utils</Filter>
    </ClCompile>
    <ClCompile Include="localhttpserver\localhttpserver.cpp">
      <Filter>Engine Files\localhttpserver</Filter>
    </ClCompile>
    <ClCompile Include="engine\types\locationid.cpp">
      <Filter>Engine Files\engine\types</Filter>
    </ClCompile>
    <ClCompile Include="engine\ping\keepalivemanager.cpp">
      <Filter>Engine Files\engine\ping</Filter>
    </ClCompile>
    <ClCompile Include="engine\ping\pinghost.cpp">
      <Filter>Engine Files\engine\ping</Filter>
    </ClCompile>
    <ClCompile Include="engine\ping\pinghost_icmp_win.cpp">
      <Filter>Engine Files\engine\ping</Filter>
    </ClCompile>
    <ClCompile Include="engine\ping\pinghost_tcp.cpp">
      <Filter>Engine Files\engine\ping</Filter>
    </ClCompile>
    <ClCompile Include="engine\types\loginsettings.cpp">
      <Filter>Engine Files\engine\types</Filter>
    </ClCompile>
    <ClCompile Include="engine\macaddresscontroller\macaddresscontroller_win.cpp">
      <Filter>Engine Files\engine\macaddresscontroller</Filter>
    </ClCompile>
    <ClCompile Include="engine\connectionmanager\makeovpnfilefromcustom.cpp">
      <Filter>Engine Files\engine\connectionmanager</Filter>
    </ClCompile>
    <ClCompile Include="engine\connectionmanager\makeovpnfile.cpp">
      <Filter>Engine Files\engine\connectionmanager</Filter>
    </ClCompile>
    <ClCompile Include="engine\measurementcpuusage.cpp">
      <Filter>Engine Files\engine</Filter>
    </ClCompile>
    <ClCompile Include="engine\serversmodel\mutablelocationinfo.cpp">
      <Filter>Engine Files\engine\serversmodel</Filter>
    </ClCompile>
    <ClCompile Include="engine\networkdetectionmanager\networkdetectionmanager_win.cpp">
      <Filter>Engine Files\engine\networkdetectionmanager</Filter>
    </ClCompile>
    <ClCompile Include="engine\networkdetectionmanager\networkchangeworkerthread.cpp">
      <Filter>Engine Files\engine\networkdetectionmanager</Filter>
    </ClCompile>
    <ClCompile Include="engine\networkstatemanager\networkstatemanager_win.cpp">
      <Filter>Engine Files\engine\networkstatemanager</Filter>
    </ClCompile>
    <ClCompile Include="engine\serversmodel\nodesspeedstore.cpp">
      <Filter>Engine Files\engine\serversmodel</Filter>
    </ClCompile>
    <ClCompile Include="engine\serversmodel\nodesspeedratings.cpp">
      <Filter>Engine Files\engine\serversmodel</Filter>
    </ClCompile>
    <ClCompile Include="engine\serversmodel\nodeselectionalgorithm.cpp">
      <Filter>Engine Files\engine\serversmodel</Filter>
    </ClCompile>
    <ClCompile Include="engine\connectionmanager\openvpnconnection.cpp">
      <Filter>Engine Files\engine\connectionmanager</Filter>
    </ClCompile>
    <ClCompile Include="engine\packetsizecontroller.cpp">
      <Filter>Engine Files\engine</Filter>
    </ClCompile>
    <ClCompile Include="engine\openvpnversioncontroller.cpp">
      <Filter>Engine Files\engine</Filter>
    </ClCompile>
    <ClCompile Include="engine\serversmodel\pingtime.cpp">
      <Filter>Engine Files\engine\serversmodel</Filter>
    </ClCompile>
    <ClCompile Include="engine\serversmodel\pinglog.cpp">
      <Filter>Engine Files\engine\serversmodel</Filter>
    </ClCompile>
    <ClCompile Include="engine\serversmodel\pingmanager.cpp">
      <Filter>Engine Files\engine\serversmodel</Filter>
    </ClCompile>
    <ClCompile Include="engine\serversmodel\pingnodescontroller.cpp">
      <Filter>Engine Files\engine\serversmodel</Filter>
    </ClCompile>
    <ClCompile Include="engine\types\protocoltype.cpp">
      <Filter>Engine Files\engine\types</Filter>
    </ClCompile>
    <ClCompile Include="engine\types\portmap.cpp">
      <Filter>Engine Files\engine\types</Filter>
    </ClCompile>
    <ClCompile Include="engine\refetchservercredentialshelper.cpp">
      <Filter>Engine Files\engine</Filter>
    </ClCompile>
    <ClCompile Include="engine\sessionstatustimer.cpp">
      <Filter>Engine Files\engine</Filter>
    </ClCompile>
    <ClCompile Include="engine\serverlocationsapiwrapper.cpp">
      <Filter>Engine Files\engine</Filter>
    </ClCompile>
    <ClCompile Include="engine\tempscripts_mac.cpp">
      <Filter>Engine Files\engine</Filter>
    </ClCompile>
    <ClCompile Include="engine\connectionmanager\resetwindscribetap_win.cpp">
      <Filter>Engine Files\engine\connectionmanager</Filter>
    </ClCompile>
    <ClCompile Include="engine\serversmodel\resolvehostnamesforcustomovpn.cpp">
      <Filter>Engine Files\engine\serversmodel</Filter>
    </ClCompile>
    <ClCompile Include="engine\types\servercredentials.cpp">
      <Filter>Engine Files\engine\types</Filter>
    </ClCompile>
    <ClCompile Include="..\..\common\ipc\server.cpp">
      <Filter>Common Files\ipc</Filter>
    </ClCompile>
    <ClCompile Include="..\..\common\ipc\tcpserver.cpp">
      <Filter>Common Files\ipc</Filter>
    </ClCompile>
    <ClCompile Include="..\..\common\ipc\tcpconnection.cpp">
      <Filter>Common Files\ipc</Filter>
    </ClCompile>
    <ClCompile Include="engine\types\servernode.cpp">
      <Filter>Engine Files\engine\types</Filter>
    </ClCompile>
    <ClCompile Include="engine\types\serverlocation.cpp">
      <Filter>Engine Files\engine\types</Filter>
    </ClCompile>
    <ClCompile Include="engine\types\types.cpp">
      <Filter>Engine Files\engine\types</Filter>
    </ClCompile>
    <ClCompile Include="engine\types\staticipslocation.cpp">
      <Filter>Engine Files\engine\types</Filter>
    </ClCompile>
    <ClCompile Include="engine\tests\sessionandlocations_test.cpp">
      <Filter>Engine Files\engine\tests</Filter>
    </ClCompile>
    <ClCompile Include="engine\serversmodel\serversmodel.cpp">
      <Filter>Engine Files\engine\serversmodel</Filter>
    </ClCompile>
    <ClCompile Include="engine\serversmodel\testpingnodecontroller.cpp">
      <Filter>Engine Files\engine\serversmodel</Filter>
    </ClCompile>
    <ClCompile Include="engine\connectionmanager\sleepevents_win.cpp">
      <Filter>Engine Files\engine\connectionmanager</Filter>
    </ClCompile>
    <ClCompile Include="engine\connectionmanager\wstunnelmanager.cpp">
      <Filter>Engine Files\engine\connectionmanager</Filter>
    </ClCompile>
    <ClCompile Include="engine\connectionmanager\testvpntunnelhelper.cpp">
      <Filter>Engine Files\engine\connectionmanager</Filter>
    </ClCompile>
    <ClCompile Include="engine\connectionmanager\testvpntunnel.cpp">
      <Filter>Engine Files\engine\connectionmanager</Filter>
    </ClCompile>
    <ClCompile Include="engine\connectionmanager\stunnelmanager.cpp">
      <Filter>Engine Files\engine\connectionmanager</Filter>
    </ClCompile>
    <ClCompile Include="engine\helper\simple_xor_crypt.cpp">
      <Filter>Engine Files\engine\helper</Filter>
    </ClCompile>
    <ClCompile Include="engine\helper\windscribeinstallhelper_win.cpp">
      <Filter>Engine Files\engine\helper</Filter>
    </ClCompile>
    <ClCompile Include="engine\vpnshare\socketutils\socketwriteall.cpp">
      <Filter>Engine Files\engine\vpnshare\socketutils</Filter>
    </ClCompile>
    <ClCompile Include="engine\vpnshare\socksproxyserver\socksproxycommandparser.cpp">
      <Filter>Engine Files\engine\vpnshare\socksproxyserver</Filter>
    </ClCompile>
    <ClCompile Include="engine\vpnshare\socksproxyserver\socksproxyconnection.cpp">
      <Filter>Engine Files\engine\vpnshare\socksproxyserver</Filter>
    </ClCompile>
    <ClCompile Include="engine\vpnshare\socksproxyserver\socksproxyconnectionmanager.cpp">
      <Filter>Engine Files\engine\vpnshare\socksproxyserver</Filter>
    </ClCompile>
    <ClCompile Include="engine\vpnshare\socksproxyserver\socksproxyidentreqparser.cpp">
      <Filter>Engine Files\engine\vpnshare\socksproxyserver</Filter>
    </ClCompile>
    <ClCompile Include="engine\vpnshare\socksproxyserver\socksproxyreadexactly.cpp">
      <Filter>Engine Files\engine\vpnshare\socksproxyserver</Filter>
    </ClCompile>
    <ClCompile Include="engine\vpnshare\socksproxyserver\socksproxyserver.cpp">
      <Filter>Engine Files\engine\vpnshare\socksproxyserver</Filter>
    </ClCompile>
    <ClCompile Include="engine\splittunnelingnetworkinfo\splittunnelingnetworkinfo.cpp">
      <Filter>Engine Files\engine\splittunnelingnetworkinfo</Filter>
    </ClCompile>
    <ClCompile Include="engine\taputils\tapinstall_win.cpp">
      <Filter>Engine Files\engine\taputils</Filter>
    </ClCompile>
    <ClCompile Include="engine\vpnshare\vpnsharecontroller.cpp">
      <Filter>Engine Files\engine\vpnshare</Filter>
    </ClCompile>
    <ClCompile Include="engine\vpnshare\vpnsharesettings.cpp">
      <Filter>Engine Files\engine\vpnshare</Filter>
    </ClCompile>
    <ClCompile Include="..\..\common\utils\executable_signature\executable_signature.cpp">
      <Filter>Common Files\utils\executable_signature</Filter>
    </ClCompile>
    <ClCompile Include="..\..\common\utils\executable_signature\executable_signature_win.cpp">
      <Filter>Common Files\utils\executable_signature</Filter>
    </ClCompile>
    <ClCompile Include="engine\helper\helper_mac.cpp">
      <Filter>Engine Files\engine\helper</Filter>
    </ClCompile>
    <ClCompile Include="engine\networkstatemanager\networkstatemanager_mac.cpp">
      <Filter>Engine Files\engine\networkstatemanager</Filter>
    </ClCompile>
    <ClCompile Include="engine\firewall\firewallcontroller_mac.cpp">
      <Filter>Engine Files\engine\firewall</Filter>
    </ClCompile>
    <ClCompile Include="engine\networkdetectionmanager\networkdetectionmanager_mac.cpp">
      <Filter>Engine Files\engine\networkdetectionmanager</Filter>
    </ClCompile>
  </ItemGroup>
  <ItemGroup>
    <QtMoc Include="qconsolelistener.h">
      <Filter>Engine Files</Filter>
    </QtMoc>
    <ClInclude Include="engine\helper\windscribeinstallhelper_win.h">
      <Filter>Engine Files\engine\helper</Filter>
    </ClInclude>
    <QtMoc Include="engine\vpnshare\wifisharing\wlanmanager.h">
      <Filter>Engine Files\engine\vpnshare\wifisharing</Filter>
    </QtMoc>
    <QtMoc Include="engine\connectionmanager\wstunnelmanager.h">
      <Filter>Engine Files\engine\connectionmanager</Filter>
    </QtMoc>
    <ClInclude Include="application\windowsnativeeventfilter.h">
      <Filter>Engine Files\application</Filter>
    </ClInclude>
    <ClInclude Include="engine\adaptermetricscontroller_win.h">
      <Filter>Engine Files\engine</Filter>
    </ClInclude>
    <ClInclude Include="engine\connectionmanager\automanualconnectioncontroller.h">
      <Filter>Engine Files\engine\connectionmanager</Filter>
    </ClInclude>
    <ClInclude Include="engine\connectionmanager\availableport.h">
      <Filter>Engine Files\engine\connectionmanager</Filter>
    </ClInclude>
    <ClInclude Include="engine\types\apiinfo.h">
      <Filter>Engine Files\engine\types</Filter>
    </ClInclude>
    <ClInclude Include="..\..\common\version\appversion.h">
      <Filter>Common Files\version</Filter>
    </ClInclude>
    <ClInclude Include="engine\dnsresolver\areslibraryinit.h">
      <Filter>Engine Files\engine\dnsresolver</Filter>
    </ClInclude>
    <ClInclude Include="engine\proxy\autodetectproxy_win.h">
      <Filter>Engine Files\engine\proxy</Filter>
    </ClInclude>
    <ClInclude Include="utils\bfecontroller_win.h">
      <Filter>Engine Files\utils</Filter>
    </ClInclude>
    <ClInclude Include="utils\boost_includes.h">
      <Filter>Engine Files\utils</Filter>
    </ClInclude>
    <ClInclude Include="engine\serverapi\certmanager.h">
      <Filter>Engine Files\engine\serverapi</Filter>
    </ClInclude>
    <ClInclude Include="engine\taputils\checkadapterenable.h">
      <Filter>Engine Files\engine\taputils</Filter>
    </ClInclude>
    <ClInclude Include="..\..\common\ipc\command.h">
      <Filter>Common Files\ipc</Filter>
    </ClInclude>
    <ClInclude Include="engine\crossplatformobjectfactory.h">
      <Filter>Engine Files\engine</Filter>
    </ClInclude>
    <ClInclude Include="engine\curlinitcontroller.h">
      <Filter>Engine Files\engine</Filter>
    </ClInclude>
    <ClInclude Include="engine\dnsinfo_win.h">
      <Filter>Engine Files\engine</Filter>
    </ClInclude>
    <QtMoc Include="engine\emergencycontroller\emergencycontroller.h">
      <Filter>Engine Files\engine\emergencycontroller</Filter>
    </QtMoc>
    <QtMoc Include="engine\engine.h">
      <Filter>Engine Files\engine</Filter>
    </QtMoc>
    <ClInclude Include="engine\enginesettings.h">
      <Filter>Engine Files\engine</Filter>
    </ClInclude>
    <ClInclude Include="..\..\common\utils\extraconfig.h">
      <Filter>Common Files\utils</Filter>
    </ClInclude>
    <ClInclude Include="engine\serversmodel\failedpinglogcontroller.h">
      <Filter>Engine Files\engine\serversmodel</Filter>
    </ClInclude>
    <QtMoc Include="engine\firewall\firewallcontroller.h">
      <Filter>Engine Files\engine\firewall</Filter>
    </QtMoc>
    <QtMoc Include="engine\logincontroller\getallconfigscontroller.h">
      <Filter>Engine Files\engine\logincontroller</Filter>
    </QtMoc>
    <QtMoc Include="engine\helper\helper_win.h">
      <Filter>Engine Files\engine\helper</Filter>
    </QtMoc>
    <QtMoc Include="engine\vpnshare\httpproxyserver\httpproxyconnectionmanager.h">
      <Filter>Engine Files\engine\vpnshare\httpproxyserver</Filter>
    </QtMoc>
    <ClInclude Include="engine\vpnshare\httpproxyserver\httpproxywebanswerparser.h">
      <Filter>Engine Files\engine\vpnshare\httpproxyserver</Filter>
    </ClInclude>
    <ClInclude Include="engine\vpnshare\httpproxyserver\httpproxyheader.h">
      <Filter>Engine Files\engine\vpnshare\httpproxyserver</Filter>
    </ClInclude>
    <ClInclude Include="engine\vpnshare\httpproxyserver\httpproxyreply.h">
      <Filter>Engine Files\engine\vpnshare\httpproxyserver</Filter>
    </ClInclude>
    <ClInclude Include="engine\vpnshare\httpproxyserver\httpproxyrequest.h">
      <Filter>Engine Files\engine\vpnshare\httpproxyserver</Filter>
    </ClInclude>
    <ClInclude Include="engine\vpnshare\httpproxyserver\httpproxywebanswer.h">
      <Filter>Engine Files\engine\vpnshare\httpproxyserver</Filter>
    </ClInclude>
    <ClInclude Include="engine\ping\icmp_header.h">
      <Filter>Engine Files\engine\ping</Filter>
    </ClInclude>
    <QtMoc Include="engine\connectionmanager\iconnectionmanager.h">
      <Filter>Engine Files\engine\connectionmanager</Filter>
    </QtMoc>
    <QtMoc Include="engine\connectstatecontroller\iconnectstatecontroller.h">
      <Filter>Engine Files\engine\connectstatecontroller</Filter>
    </QtMoc>
    <QtMoc Include="engine\vpnshare\wifisharing\icsmanager.h">
      <Filter>Engine Files\engine\vpnshare\wifisharing</Filter>
    </QtMoc>
    <QtMoc Include="engine\helper\ihelper.h">
      <Filter>Engine Files\engine\helper</Filter>
    </QtMoc>
    <QtMoc Include="engine\connectionmanager\ikev2connectiondisconnectlogic_win.h">
      <Filter>Engine Files\engine\connectionmanager</Filter>
    </QtMoc>
    <QtMoc Include="engine\connectionmanager\ikev2connection_test.h">
      <Filter>Engine Files\engine\connectionmanager</Filter>
    </QtMoc>
    <QtMoc Include="engine\connectionmanager\ikev2connection_win.h">
      <Filter>Engine Files\engine\connectionmanager</Filter>
    </QtMoc>
    <QtMoc Include="engine\macaddresscontroller\imacaddresscontroller.h">
      <Filter>Engine Files\engine\macaddresscontroller</Filter>
    </QtMoc>
    <QtMoc Include="engine\networkdetectionmanager\inetworkdetectionmanager.h">
      <Filter>Engine Files\engine\networkdetectionmanager</Filter>
    </QtMoc>
    <QtMoc Include="engine\networkstatemanager\inetworkstatemanager.h">
      <Filter>Engine Files\engine\networkstatemanager</Filter>
    </QtMoc>
    <ClInclude Include="utils\installedantiviruses_win.h">
      <Filter>Engine Files\utils</Filter>
    </ClInclude>
    <ClInclude Include="engine\ping\ipv4_header.h">
      <Filter>Engine Files\engine\ping</Filter>
    </ClInclude>
    <ClInclude Include="utils\ipvalidation.h">
      <Filter>Engine Files\utils</Filter>
    </ClInclude>
    <QtMoc Include="engine\serversmodel\iserversmodel.h">
      <Filter>Engine Files\engine\serversmodel</Filter>
    </QtMoc>
    <QtMoc Include="engine\connectionmanager\isleepevents.h">
      <Filter>Engine Files\engine\connectionmanager</Filter>
    </QtMoc>
    <QtMoc Include="engine\ping\keepalivemanager.h">
      <Filter>Engine Files\engine\ping</Filter>
    </QtMoc>
    <ClInclude Include="engine\types\locationid.h">
      <Filter>Engine Files\engine\types</Filter>
    </ClInclude>
    <ClInclude Include="engine\connectionmanager\makeovpnfile.h">
      <Filter>Engine Files\engine\connectionmanager</Filter>
    </ClInclude>
    <QtMoc Include="engine\serversmodel\mutablelocationinfo.h">
      <Filter>Engine Files\engine\serversmodel</Filter>
    </QtMoc>
    <QtMoc Include="engine\networkdetectionmanager\networkchangeworkerthread.h">
      <Filter>Engine Files\engine\networkdetectionmanager</Filter>
    </QtMoc>
    <QtMoc Include="engine\networkdetectionmanager\networkdetectionmanager_win.h">
      <Filter>Engine Files\engine\networkdetectionmanager</Filter>
    </QtMoc>
    <QtMoc Include="engine\serversmodel\nodesspeedratings.h">
      <Filter>Engine Files\engine\serversmodel</Filter>
    </QtMoc>
    <QtMoc Include="engine\serversmodel\nodesspeedstore.h">
      <Filter>Engine Files\engine\serversmodel</Filter>
    </QtMoc>
    <QtMoc Include="engine\ping\pinghost.h">
      <Filter>Engine Files\engine\ping</Filter>
    </QtMoc>
    <QtMoc Include="engine\ping\pinghost_tcp.h">
      <Filter>Engine Files\engine\ping</Filter>
    </QtMoc>
    <QtMoc Include="engine\ping\pinghost_icmp_win.h">
      <Filter>Engine Files\engine\ping</Filter>
    </QtMoc>
    <QtMoc Include="engine\serversmodel\pingnodescontroller.h">
      <Filter>Engine Files\engine\serversmodel</Filter>
    </QtMoc>
    <ClInclude Include="engine\serversmodel\pingtime.h">
      <Filter>Engine Files\engine\serversmodel</Filter>
    </ClInclude>
    <ClInclude Include="engine\types\portmap.h">
      <Filter>Engine Files\engine\types</Filter>
    </ClInclude>
    <ClInclude Include="engine\types\protocoltype.h">
      <Filter>Engine Files\engine\types</Filter>
    </ClInclude>
    <ClInclude Include="..\..\common\ipc\protobufcommand.h">
      <Filter>Common Files\ipc</Filter>
    </ClInclude>
    <ClInclude Include="engine\proxy\proxyservercontroller.h">
      <Filter>Engine Files\engine\proxy</Filter>
    </ClInclude>
    <QtMoc Include="engine\refetchservercredentialshelper.h">
      <Filter>Engine Files\engine</Filter>
    </QtMoc>
    <QtMoc Include="engine\serversmodel\resolvehostnamesforcustomovpn.h">
      <Filter>Engine Files\engine\serversmodel</Filter>
    </QtMoc>
    <QtMoc Include="engine\serverapi\serverapi.h">
      <Filter>Engine Files\engine\serverapi</Filter>
    </QtMoc>
    <QtMoc Include="..\..\common\ipc\server.h">
      <Filter>Common Files\ipc</Filter>
    </QtMoc>
    <QtMoc Include="engine\serverlocationsapiwrapper.h">
      <Filter>Engine Files\engine</Filter>
    </QtMoc>
    <QtMoc Include="engine\serversmodel\serversmodel.h">
      <Filter>Engine Files\engine\serversmodel</Filter>
    </QtMoc>
    <QtMoc Include="engine\sessionstatustimer.h">
      <Filter>Engine Files\engine</Filter>
    </QtMoc>
    <QtMoc Include="engine\connectionmanager\sleepevents_win.h">
      <Filter>Engine Files\engine\connectionmanager</Filter>
    </QtMoc>
    <QtMoc Include="engine\vpnshare\socketutils\socketwriteall.h">
      <Filter>Engine Files\engine\vpnshare\socketutils</Filter>
    </QtMoc>
    <QtMoc Include="engine\vpnshare\socksproxyserver\socksproxyconnection.h">
      <Filter>Engine Files\engine\vpnshare\socksproxyserver</Filter>
    </QtMoc>
    <QtMoc Include="engine\vpnshare\socksproxyserver\socksproxyconnectionmanager.h">
      <Filter>Engine Files\engine\vpnshare\socksproxyserver</Filter>
    </QtMoc>
    <QtMoc Include="engine\vpnshare\socksproxyserver\socksproxyserver.h">
      <Filter>Engine Files\engine\vpnshare\socksproxyserver</Filter>
    </QtMoc>
    <QtMoc Include="engine\connectionmanager\stunnelmanager.h">
      <Filter>Engine Files\engine\connectionmanager</Filter>
    </QtMoc>
    <QtMoc Include="..\..\common\ipc\tcpserver.h">
      <Filter>Common Files\ipc</Filter>
    </QtMoc>
    <QtMoc Include="..\..\common\ipc\tcpconnection.h">
      <Filter>Common Files\ipc</Filter>
    </QtMoc>
    <QtMoc Include="engine\serversmodel\testpingnodecontroller.h">
      <Filter>Engine Files\engine\serversmodel</Filter>
    </QtMoc>
    <QtMoc Include="engine\connectionmanager\testvpntunnelhelper.h">
      <Filter>Engine Files\engine\connectionmanager</Filter>
    </QtMoc>
    <QtMoc Include="engine\connectionmanager\testvpntunnel.h">
      <Filter>Engine Files\engine\connectionmanager</Filter>
    </QtMoc>
    <QtMoc Include="engine\vpnshare\vpnsharecontroller.h">
      <Filter>Engine Files\engine\vpnshare</Filter>
    </QtMoc>
    <QtMoc Include="engine\vpnshare\wifisharing\wifisharing.h">
      <Filter>Engine Files\engine\vpnshare\wifisharing</Filter>
    </QtMoc>
    <QtMoc Include="engineserver.h">
      <Filter>Engine Files</Filter>
    </QtMoc>
    <QtMoc Include="engine\helper\helper_mac.h">
      <Filter>Engine Files\engine\helper</Filter>
    </QtMoc>
    <QtMoc Include="engine\networkstatemanager\networkstatemanager_mac.h">
      <Filter>Engine Files\engine\networkstatemanager</Filter>
    </QtMoc>
    <QtMoc Include="engine\firewall\firewallcontroller_mac.h">
      <Filter>Engine Files\engine\firewall</Filter>
    </QtMoc>
    <QtMoc Include="engine\connectionmanager\ikev2connection_mac.h">
      <Filter>Engine Files\engine\connectionmanager</Filter>
    </QtMoc>
    <QtMoc Include="engine\networkdetectionmanager\networkdetectionmanager_mac.h">
      <Filter>Engine Files\engine\networkdetectionmanager</Filter>
    </QtMoc>
  </ItemGroup>
  <ItemGroup>
    <CustomBuild Include="debug\moc_predefs.h.cbt">
      <Filter>Misc Files\Generated Files</Filter>
    </CustomBuild>
    <CustomBuild Include="release\moc_predefs.h.cbt">
      <Filter>Misc Files\Generated Files</Filter>
    </CustomBuild>
    <CustomBuild Include="..\..\common\ipc\proto\types.proto">
      <Filter>Common Files\ipc\proto</Filter>
    </CustomBuild>
    <CustomBuild Include="..\..\common\ipc\proto\clientcommands.proto">
      <Filter>Common Files\ipc\proto</Filter>
    </CustomBuild>
    <CustomBuild Include="..\..\common\ipc\proto\servercommands.proto">
      <Filter>Common Files\ipc\proto</Filter>
    </CustomBuild>
  </ItemGroup>
  <ItemGroup>
    <None Include="Resources\cert\cert.crt">
      <Filter>Misc Files\Resource Files</Filter>
    </None>
    <None Include="Resources\cert\certs_bundle.pem">
      <Filter>Misc Files\Resource Files</Filter>
    </None>
    <None Include="Resources\ovpn\emergency.ovpn">
      <Filter>Misc Files\Resource Files</Filter>
    </None>
    <QtRcc Include="engine.qrc">
      <Filter>Misc Files\Resource Files</Filter>
    </QtRcc>
    <None Include="engine\connectionmanager\ikev2connection_mac.mm">
      <Filter>Engine Files\engine\connectionmanager</Filter>
    </None>
    <None Include="engine\connectionmanager\restorednsmanager_mac.mm">
      <Filter>Engine Files\engine\connectionmanager</Filter>
    </None>
  </ItemGroup>
  <ItemGroup>
    <QtMoc Include="application\windscribeapplication.h">
      <Filter>Engine Files\application</Filter>
    </QtMoc>
    <QtMoc Include="engine\connectionmanager\connectionmanager.h">
      <Filter>Engine Files\engine\connectionmanager</Filter>
    </QtMoc>
    <QtMoc Include="engine\vpnshare\connecteduserscounter.h">
      <Filter>Engine Files\engine\vpnshare</Filter>
    </QtMoc>
    <QtMoc Include="..\..\common\ipc\connection.h">
      <Filter>Common Files\ipc</Filter>
    </QtMoc>
    <QtMoc Include="engine\connectstatecontroller\connectstatecontroller.h">
      <Filter>Engine Files\engine\connectstatecontroller</Filter>
    </QtMoc>
    <QtMoc Include="engine\serverapi\curlnetworkmanager.h">
      <Filter>Engine Files\engine\serverapi</Filter>
    </QtMoc>
    <QtMoc Include="engine\customovpnconfigs\customconfigsdirwatcher.h">
      <Filter>Engine Files\engine\customovpnconfigs</Filter>
    </QtMoc>
    <QtMoc Include="engine\customovpnconfigs\customovpnconfigs.h">
      <Filter>Engine Files\engine\customovpnconfigs</Filter>
    </QtMoc>
    <QtMoc Include="engine\serverapi\dnscache.h">
      <Filter>Engine Files\engine\serverapi</Filter>
    </QtMoc>
    <QtMoc Include="engine\dnsresolver\dnsresolver.h">
      <Filter>Engine Files\engine\dnsresolver</Filter>
    </QtMoc>
    <QtMoc Include="engine\firewall\firewallcontroller_win.h">
      <Filter>Engine Files\engine\firewall</Filter>
    </QtMoc>
    <QtMoc Include="engine\logincontroller\getapiaccessips.h">
      <Filter>Engine Files\engine\logincontroller</Filter>
    </QtMoc>
    <QtMoc Include="engine\getmyipcontroller.h">
      <Filter>Engine Files\engine</Filter>
    </QtMoc>
    <QtMoc Include="engine\vpnshare\httpproxyserver\httpproxyconnection.h">
      <Filter>Engine Files\engine\vpnshare\httpproxyserver</Filter>
    </QtMoc>
    <QtMoc Include="engine\vpnshare\httpproxyserver\httpproxyserver.h">
      <Filter>Engine Files\engine\vpnshare\httpproxyserver</Filter>
    </QtMoc>
    <QtMoc Include="engine\connectionmanager\iconnection.h">
      <Filter>Engine Files\engine\connectionmanager</Filter>
    </QtMoc>
    <QtMoc Include="engine\helper\initializehelper.h">
      <Filter>Engine Files\engine\helper</Filter>
    </QtMoc>
    <QtMoc Include="localhttpserver\localhttpserver.h">
      <Filter>Engine Files\localhttpserver</Filter>
    </QtMoc>
    <QtMoc Include="engine\logincontroller\logincontroller.h">
      <Filter>Engine Files\engine\logincontroller</Filter>
    </QtMoc>
    <QtMoc Include="engine\macaddresscontroller\macaddresscontroller_win.h">
      <Filter>Engine Files\engine\macaddresscontroller</Filter>
    </QtMoc>
    <QtMoc Include="engine\measurementcpuusage.h">
      <Filter>Engine Files\engine</Filter>
    </QtMoc>
    <QtMoc Include="engine\networkstatemanager\networkstatemanager_win.h">
      <Filter>Engine Files\engine\networkstatemanager</Filter>
    </QtMoc>
    <QtMoc Include="engine\connectionmanager\openvpnconnection.h">
      <Filter>Engine Files\engine\connectionmanager</Filter>
    </QtMoc>
    <QtMoc Include="engine\packetsizecontroller.h">
      <Filter>Engine Files\engine</Filter>
    </QtMoc>
    <QtMoc Include="engine\serversmodel\pingmanager.h">
      <Filter>Engine Files\engine\serversmodel</Filter>
    </QtMoc>
  </ItemGroup>
  <ItemGroup>
    <ClInclude Include="..\..\common\ipc\commandfactory.h">
      <Filter>Common Files\ipc</Filter>
    </ClInclude>
    <ClInclude Include="engine\types\connectionsettings.h">
      <Filter>Engine Files\engine\types</Filter>
    </ClInclude>
    <ClInclude Include="engine\serverapi\curlrequest.h">
      <Filter>Engine Files\engine\serverapi</Filter>
    </ClInclude>
    <ClInclude Include="engine\customovpnconfigs\customovpnauthcredentialsstorage.h">
      <Filter>Engine Files\engine\customovpnconfigs</Filter>
    </ClInclude>
    <ClInclude Include="engine\types\dnsresolutionsettings.h">
      <Filter>Engine Files\engine\types</Filter>
    </ClInclude>
    <ClInclude Include="engine\dnsresolver\dnsutils.h">
      <Filter>Engine Files\engine\dnsresolver</Filter>
    </ClInclude>
    <ClInclude Include="engine\connectionmanager\finishactiveconnections.h">
      <Filter>Engine Files\engine\connectionmanager</Filter>
    </ClInclude>
    <ClInclude Include="engine\firewall\firewallexceptions.h">
      <Filter>Engine Files\engine\firewall</Filter>
    </ClInclude>
    <ClInclude Include="engine\getdeviceid.h">
      <Filter>Engine Files\engine</Filter>
    </ClInclude>
    <ClInclude Include="engine\hardcodedsettings.h">
      <Filter>Engine Files\engine</Filter>
    </ClInclude>
    <ClInclude Include="engine\vpnshare\httpproxyserver\httpproxyrequestparser.h">
      <Filter>Engine Files\engine\vpnshare\httpproxyserver</Filter>
    </ClInclude>
    <ClInclude Include="..\..\common\ipc\iconnection.h">
      <Filter>Common Files\ipc</Filter>
    </ClInclude>
    <ClInclude Include="..\..\common\ipc\iserver.h">
      <Filter>Common Files\ipc</Filter>
    </ClInclude>
    <ClInclude Include="..\..\common\utils\logger.h">
      <Filter>Common Files\utils</Filter>
    </ClInclude>
    <ClInclude Include="engine\types\loginsettings.h">
      <Filter>Engine Files\engine\types</Filter>
    </ClInclude>
    <ClInclude Include="engine\connectionmanager\makeovpnfilefromcustom.h">
      <Filter>Engine Files\engine\connectionmanager</Filter>
    </ClInclude>
    <ClInclude Include="utils\mergelog.h">
      <Filter>Engine Files\utils</Filter>
    </ClInclude>
    <ClInclude Include="engine\serversmodel\nodeselectionalgorithm.h">
      <Filter>Engine Files\engine\serversmodel</Filter>
    </ClInclude>
    <ClInclude Include="engine\openvpnversioncontroller.h">
      <Filter>Engine Files\engine</Filter>
    </ClInclude>
    <ClInclude Include="engine\customovpnconfigs\parseovpnconfigline.h">
      <Filter>Engine Files\engine\customovpnconfigs</Filter>
    </ClInclude>
    <ClInclude Include="engine\serversmodel\pinglog.h">
      <Filter>Engine Files\engine\serversmodel</Filter>
    </ClInclude>
    <ClInclude Include="engine\proxy\proxysettings.h">
      <Filter>Engine Files\engine\proxy</Filter>
    </ClInclude>
    <ClInclude Include="engine\connectionmanager\resetwindscribetap_win.h">
      <Filter>Engine Files\engine\connectionmanager</Filter>
    </ClInclude>
    <ClInclude Include="engine\types\servercredentials.h">
      <Filter>Engine Files\engine\types</Filter>
    </ClInclude>
    <ClInclude Include="engine\types\serverlocation.h">
      <Filter>Engine Files\engine\types</Filter>
    </ClInclude>
    <ClInclude Include="engine\types\servernode.h">
      <Filter>Engine Files\engine\types</Filter>
    </ClInclude>
    <ClInclude Include="engine\tests\sessionandlocations_test.h">
      <Filter>Engine Files\engine\tests</Filter>
    </ClInclude>
    <ClInclude Include="engine\helper\simple_xor_crypt.h">
      <Filter>Engine Files\engine\helper</Filter>
    </ClInclude>
    <ClInclude Include="utils\simplecrypt.h">
      <Filter>Engine Files\utils</Filter>
    </ClInclude>
    <ClInclude Include="engine\vpnshare\socksproxyserver\socksproxycommandparser.h">
      <Filter>Engine Files\engine\vpnshare\socksproxyserver</Filter>
    </ClInclude>
    <ClInclude Include="engine\vpnshare\socksproxyserver\socksproxyreadexactly.h">
      <Filter>Engine Files\engine\vpnshare\socksproxyserver</Filter>
    </ClInclude>
    <ClInclude Include="engine\vpnshare\socksproxyserver\socksproxyidentreqparser.h">
      <Filter>Engine Files\engine\vpnshare\socksproxyserver</Filter>
    </ClInclude>
    <ClInclude Include="engine\vpnshare\socksproxyserver\socksstructs.h">
      <Filter>Engine Files\engine\vpnshare\socksproxyserver</Filter>
    </ClInclude>
    <ClInclude Include="engine\splittunnelingnetworkinfo\splittunnelingnetworkinfo.h">
      <Filter>Engine Files\engine\splittunnelingnetworkinfo</Filter>
    </ClInclude>
    <ClInclude Include="engine\types\staticipslocation.h">
      <Filter>Engine Files\engine\types</Filter>
    </ClInclude>
    <ClInclude Include="engine\taputils\tapinstall_win.h">
      <Filter>Engine Files\engine\taputils</Filter>
    </ClInclude>
    <ClInclude Include="engine\tempscripts_mac.h">
      <Filter>Engine Files\engine</Filter>
    </ClInclude>
    <ClInclude Include="engine\types\types.h">
      <Filter>Engine Files\engine\types</Filter>
    </ClInclude>
    <ClInclude Include="..\..\common\ipc\generated_proto\clientcommands.pb.h">
      <Filter>Common Files\ipc\generated_proto</Filter>
    </ClInclude>
    <ClInclude Include="..\..\common\ipc\generated_proto\servercommands.pb.h">
      <Filter>Common Files\ipc\generated_proto</Filter>
    </ClInclude>
    <ClInclude Include="..\..\common\ipc\generated_proto\types.pb.h">
      <Filter>Common Files\ipc\generated_proto</Filter>
    </ClInclude>
    <ClInclude Include="engine\firewall\uniqueiplist.h">
      <Filter>Engine Files\engine\firewall</Filter>
    </ClInclude>
    <ClInclude Include="..\..\common\utils\utils.h">
      <Filter>Common Files\utils</Filter>
    </ClInclude>
    <ClInclude Include="engine\vpnshare\vpnsharesettings.h">
      <Filter>Engine Files\engine\vpnshare</Filter>
    </ClInclude>
    <ClInclude Include="..\..\common\utils\winutils.h">
      <Filter>Common Files\utils</Filter>
    </ClInclude>
    <ClInclude Include="..\..\common\version\windscribe_version.h">
      <Filter>Common Files\version</Filter>
    </ClInclude>
    <ClInclude Include="clientconnectiondescr.h">
      <Filter>Engine Files</Filter>
    </ClInclude>
    <ClInclude Include="..\..\common\utils\networktypes.h">
      <Filter>Common Files\utils</Filter>
    </ClInclude>
    <ClInclude Include="..\..\common\utils\executable_signature\executable_signature.h">
      <Filter>Common Files\utils\executable_signature</Filter>
    </ClInclude>
    <ClInclude Include="..\..\common\utils\executable_signature\executable_signature_win.h">
      <Filter>Common Files\utils\executable_signature</Filter>
    </ClInclude>
    <ClInclude Include="..\..\common\ipc\protobuf_utils.h">
      <Filter>Common Files\ipc</Filter>
    </ClInclude>
    <ClInclude Include="engine\connectionmanager\restorednsmanager_mac.h">
      <Filter>Engine Files\engine\connectionmanager</Filter>
    </ClInclude>
  </ItemGroup>
  <ItemGroup>
    <ResourceCompile Include="engine.rc">
      <Filter>Misc Files</Filter>
    </ResourceCompile>
  </ItemGroup>
</Project>