// !$*UTF8*$!
{
	archiveVersion = 1;
	classes = {
	};
	objectVersion = 46;
	objects = {

/* Begin PBXBuildFile section */
		000B36D324B8C39300717275 /* bound_route.cpp in Sources */ = {isa = PBXBuildFile; fileRef = 000B36D124B8C39300717275 /* bound_route.cpp */; };
		000B36D624B8CB1500717275 /* routes.cpp in Sources */ = {isa = PBXBuildFile; fileRef = 000B36D524B8CB1500717275 /* routes.cpp */; };
		001EE78624B89075004624BE /* kext_client.cpp in Sources */ = {isa = PBXBuildFile; fileRef = 001EE78224B89075004624BE /* kext_client.cpp */; };
		001EE78724B89075004624BE /* kext_monitor.cpp in Sources */ = {isa = PBXBuildFile; fileRef = 001EE78424B89075004624BE /* kext_monitor.cpp */; };
		001EE79024B890DF004624BE /* split_tunneling.cpp in Sources */ = {isa = PBXBuildFile; fileRef = 001EE78B24B890DE004624BE /* split_tunneling.cpp */; };
		001EE79524B893D1004624BE /* routes_manager.cpp in Sources */ = {isa = PBXBuildFile; fileRef = 001EE79324B893D1004624BE /* routes_manager.cpp */; };
		001F82D724BCF2A80081515F /* ip_routes.cpp in Sources */ = {isa = PBXBuildFile; fileRef = 001F82D524BCF2A80081515F /* ip_routes.cpp */; };
		001F82D824BCF2A80081515F /* ip_hostnames_manager.cpp in Sources */ = {isa = PBXBuildFile; fileRef = 001F82D624BCF2A80081515F /* ip_hostnames_manager.cpp */; };
		00AB62AE249142610085A20F /* utils.cpp in Sources */ = {isa = PBXBuildFile; fileRef = 00AB62AC249142610085A20F /* utils.cpp */; };
		00EBAA04247D254400C86F6F /* logger.cpp in Sources */ = {isa = PBXBuildFile; fileRef = 00EBAA02247D254400C86F6F /* logger.cpp */; };
		840B29571D6BBE88007D9519 /* server.cpp in Sources */ = {isa = PBXBuildFile; fileRef = 840B29551D6BBE88007D9519 /* server.cpp */; };
		843077AD1DE3AE26002405EA /* execute_cmd.cpp in Sources */ = {isa = PBXBuildFile; fileRef = 843077AB1DE3AE26002405EA /* execute_cmd.cpp */; };
		8434C1081FD5B99C00B7030D /* keychain_utils.mm in Sources */ = {isa = PBXBuildFile; fileRef = 8434C1071FD5B99C00B7030D /* keychain_utils.mm */; };
		8434C10D1FD5BA1400B7030D /* Security.framework in Frameworks */ = {isa = PBXBuildFile; fileRef = 8434C10C1FD5BA1400B7030D /* Security.framework */; };
		84DA0AED1B1D7ED000260E8F /* helper.cpp in Sources */ = {isa = PBXBuildFile; fileRef = 84DA0AEC1B1D7ED000260E8F /* helper.cpp */; };
		946225E625140DD70032A070 /* defaultroutemonitor.cpp in Sources */ = {isa = PBXBuildFile; fileRef = 946225DE25140DD70032A070 /* defaultroutemonitor.cpp */; };
		946225E725140DD70032A070 /* wireguardadapter.cpp in Sources */ = {isa = PBXBuildFile; fileRef = 946225DF25140DD70032A070 /* wireguardadapter.cpp */; };
		946225E825140DD70032A070 /* wireguardcommunicator.cpp in Sources */ = {isa = PBXBuildFile; fileRef = 946225E225140DD70032A070 /* wireguardcommunicator.cpp */; };
		946225E925140DD70032A070 /* wireguardcontroller.cpp in Sources */ = {isa = PBXBuildFile; fileRef = 946225E425140DD70032A070 /* wireguardcontroller.cpp */; };
/* End PBXBuildFile section */

/* Begin PBXCopyFilesBuildPhase section */
		00561A2E24466FC600AD25ED /* Embed Libraries */ = {
			isa = PBXCopyFilesBuildPhase;
			buildActionMask = 2147483647;
			dstPath = "";
			dstSubfolderSpec = 10;
			files = (
			);
			name = "Embed Libraries";
			runOnlyForDeploymentPostprocessing = 0;
		};
		84DA0AE11B1D7EB600260E8F /* CopyFiles */ = {
			isa = PBXCopyFilesBuildPhase;
			buildActionMask = 2147483647;
			dstPath = /usr/share/man/man1/;
			dstSubfolderSpec = 0;
			files = (
			);
			runOnlyForDeploymentPostprocessing = 1;
		};
/* End PBXCopyFilesBuildPhase section */

/* Begin PBXFileReference section */
		000B36D124B8C39300717275 /* bound_route.cpp */ = {isa = PBXFileReference; fileEncoding = 4; lastKnownFileType = sourcecode.cpp.cpp; path = bound_route.cpp; sourceTree = "<group>"; };
		000B36D224B8C39300717275 /* bound_route.h */ = {isa = PBXFileReference; fileEncoding = 4; lastKnownFileType = sourcecode.c.h; path = bound_route.h; sourceTree = "<group>"; };
		000B36D424B8CB1500717275 /* routes.h */ = {isa = PBXFileReference; fileEncoding = 4; lastKnownFileType = sourcecode.c.h; path = routes.h; sourceTree = "<group>"; };
		000B36D524B8CB1500717275 /* routes.cpp */ = {isa = PBXFileReference; fileEncoding = 4; lastKnownFileType = sourcecode.cpp.cpp; path = routes.cpp; sourceTree = "<group>"; };
		001EE77724B88F9B004624BE /* helper_commands_serialize.h */ = {isa = PBXFileReference; fileEncoding = 4; lastKnownFileType = sourcecode.c.h; path = helper_commands_serialize.h; sourceTree = "<group>"; };
		001EE77824B88F9B004624BE /* helper_commands.h */ = {isa = PBXFileReference; fileEncoding = 4; lastKnownFileType = sourcecode.c.h; path = helper_commands.h; sourceTree = "<group>"; };
		001EE78224B89075004624BE /* kext_client.cpp */ = {isa = PBXFileReference; fileEncoding = 4; lastKnownFileType = sourcecode.cpp.cpp; path = kext_client.cpp; sourceTree = "<group>"; };
		001EE78324B89075004624BE /* kext_monitor.h */ = {isa = PBXFileReference; fileEncoding = 4; lastKnownFileType = sourcecode.c.h; path = kext_monitor.h; sourceTree = "<group>"; };
		001EE78424B89075004624BE /* kext_monitor.cpp */ = {isa = PBXFileReference; fileEncoding = 4; lastKnownFileType = sourcecode.cpp.cpp; path = kext_monitor.cpp; sourceTree = "<group>"; };
		001EE78524B89075004624BE /* kext_client.h */ = {isa = PBXFileReference; fileEncoding = 4; lastKnownFileType = sourcecode.c.h; path = kext_client.h; sourceTree = "<group>"; };
		001EE78A24B890DE004624BE /* split_tunneling.h */ = {isa = PBXFileReference; fileEncoding = 4; lastKnownFileType = sourcecode.c.h; path = split_tunneling.h; sourceTree = "<group>"; };
		001EE78B24B890DE004624BE /* split_tunneling.cpp */ = {isa = PBXFileReference; fileEncoding = 4; lastKnownFileType = sourcecode.cpp.cpp; path = split_tunneling.cpp; sourceTree = "<group>"; };
		001EE79324B893D1004624BE /* routes_manager.cpp */ = {isa = PBXFileReference; lastKnownFileType = sourcecode.cpp.cpp; path = routes_manager.cpp; sourceTree = "<group>"; };
		001EE79424B893D1004624BE /* routes_manager.h */ = {isa = PBXFileReference; lastKnownFileType = sourcecode.c.h; path = routes_manager.h; sourceTree = "<group>"; };
		001F82D324BCF2A80081515F /* ip_hostnames_manager.h */ = {isa = PBXFileReference; fileEncoding = 4; lastKnownFileType = sourcecode.c.h; path = ip_hostnames_manager.h; sourceTree = "<group>"; };
		001F82D424BCF2A80081515F /* ip_routes.h */ = {isa = PBXFileReference; fileEncoding = 4; lastKnownFileType = sourcecode.c.h; path = ip_routes.h; sourceTree = "<group>"; };
		001F82D524BCF2A80081515F /* ip_routes.cpp */ = {isa = PBXFileReference; fileEncoding = 4; lastKnownFileType = sourcecode.cpp.cpp; path = ip_routes.cpp; sourceTree = "<group>"; };
		001F82D624BCF2A80081515F /* ip_hostnames_manager.cpp */ = {isa = PBXFileReference; fileEncoding = 4; lastKnownFileType = sourcecode.cpp.cpp; path = ip_hostnames_manager.cpp; sourceTree = "<group>"; };
		00AB62AC249142610085A20F /* utils.cpp */ = {isa = PBXFileReference; lastKnownFileType = sourcecode.cpp.cpp; path = utils.cpp; sourceTree = "<group>"; };
		00AB62AD249142610085A20F /* utils.h */ = {isa = PBXFileReference; lastKnownFileType = sourcecode.c.h; path = utils.h; sourceTree = "<group>"; };
		00EBAA02247D254400C86F6F /* logger.cpp */ = {isa = PBXFileReference; lastKnownFileType = sourcecode.cpp.cpp; path = logger.cpp; sourceTree = "<group>"; };
		00EBAA03247D254400C86F6F /* logger.h */ = {isa = PBXFileReference; lastKnownFileType = sourcecode.c.h; path = logger.h; sourceTree = "<group>"; };
		840B29551D6BBE88007D9519 /* server.cpp */ = {isa = PBXFileReference; fileEncoding = 4; lastKnownFileType = sourcecode.cpp.cpp; path = server.cpp; sourceTree = "<group>"; };
		840B29561D6BBE88007D9519 /* server.h */ = {isa = PBXFileReference; fileEncoding = 4; lastKnownFileType = sourcecode.c.h; path = server.h; sourceTree = "<group>"; };
		843077AB1DE3AE26002405EA /* execute_cmd.cpp */ = {isa = PBXFileReference; fileEncoding = 4; lastKnownFileType = sourcecode.cpp.cpp; path = execute_cmd.cpp; sourceTree = "<group>"; };
		843077AC1DE3AE26002405EA /* execute_cmd.h */ = {isa = PBXFileReference; fileEncoding = 4; lastKnownFileType = sourcecode.c.h; path = execute_cmd.h; sourceTree = "<group>"; };
		8434C1061FD5B99C00B7030D /* keychain_utils.h */ = {isa = PBXFileReference; fileEncoding = 4; lastKnownFileType = sourcecode.c.h; path = keychain_utils.h; sourceTree = "<group>"; };
		8434C1071FD5B99C00B7030D /* keychain_utils.mm */ = {isa = PBXFileReference; fileEncoding = 4; lastKnownFileType = sourcecode.cpp.objcpp; path = keychain_utils.mm; sourceTree = "<group>"; };
		8434C10A1FD5B9D800B7030D /* CoreFoundation.framework */ = {isa = PBXFileReference; lastKnownFileType = wrapper.framework; name = CoreFoundation.framework; path = System/Library/Frameworks/CoreFoundation.framework; sourceTree = SDKROOT; };
		8434C10C1FD5BA1400B7030D /* Security.framework */ = {isa = PBXFileReference; lastKnownFileType = wrapper.framework; name = Security.framework; path = System/Library/Frameworks/Security.framework; sourceTree = SDKROOT; };
		84DA0AE31B1D7EB600260E8F /* com.windscribe.helper.macos */ = {isa = PBXFileReference; explicitFileType = "compiled.mach-o.executable"; includeInIndex = 0; path = com.windscribe.helper.macos; sourceTree = BUILT_PRODUCTS_DIR; };
		84DA0AEA1B1D7ED000260E8F /* helper-info.plist */ = {isa = PBXFileReference; fileEncoding = 4; lastKnownFileType = text.plist.xml; path = "helper-info.plist"; sourceTree = "<group>"; };
		84DA0AEB1B1D7ED000260E8F /* helper-launchd.plist */ = {isa = PBXFileReference; fileEncoding = 4; lastKnownFileType = text.plist.xml; path = "helper-launchd.plist"; sourceTree = "<group>"; };
		84DA0AEC1B1D7ED000260E8F /* helper.cpp */ = {isa = PBXFileReference; fileEncoding = 4; lastKnownFileType = sourcecode.cpp.cpp; path = helper.cpp; sourceTree = "<group>"; };
		946225DE25140DD70032A070 /* defaultroutemonitor.cpp */ = {isa = PBXFileReference; fileEncoding = 4; lastKnownFileType = sourcecode.cpp.cpp; path = defaultroutemonitor.cpp; sourceTree = "<group>"; };
		946225DF25140DD70032A070 /* wireguardadapter.cpp */ = {isa = PBXFileReference; fileEncoding = 4; lastKnownFileType = sourcecode.cpp.cpp; path = wireguardadapter.cpp; sourceTree = "<group>"; };
		946225E025140DD70032A070 /* wireguardadapter.h */ = {isa = PBXFileReference; fileEncoding = 4; lastKnownFileType = sourcecode.c.h; path = wireguardadapter.h; sourceTree = "<group>"; };
		946225E125140DD70032A070 /* defaultroutemonitor.h */ = {isa = PBXFileReference; fileEncoding = 4; lastKnownFileType = sourcecode.c.h; path = defaultroutemonitor.h; sourceTree = "<group>"; };
		946225E225140DD70032A070 /* wireguardcommunicator.cpp */ = {isa = PBXFileReference; fileEncoding = 4; lastKnownFileType = sourcecode.cpp.cpp; path = wireguardcommunicator.cpp; sourceTree = "<group>"; };
		946225E325140DD70032A070 /* wireguardcommunicator.h */ = {isa = PBXFileReference; fileEncoding = 4; lastKnownFileType = sourcecode.c.h; path = wireguardcommunicator.h; sourceTree = "<group>"; };
		946225E425140DD70032A070 /* wireguardcontroller.cpp */ = {isa = PBXFileReference; fileEncoding = 4; lastKnownFileType = sourcecode.cpp.cpp; path = wireguardcontroller.cpp; sourceTree = "<group>"; };
		946225E525140DD70032A070 /* wireguardcontroller.h */ = {isa = PBXFileReference; fileEncoding = 4; lastKnownFileType = sourcecode.c.h; path = wireguardcontroller.h; sourceTree = "<group>"; };
/* End PBXFileReference section */

/* Begin PBXFrameworksBuildPhase section */
		84DA0AE01B1D7EB600260E8F /* Frameworks */ = {
			isa = PBXFrameworksBuildPhase;
			buildActionMask = 2147483647;
			files = (
				8434C10D1FD5BA1400B7030D /* Security.framework in Frameworks */,
			);
			runOnlyForDeploymentPostprocessing = 0;
		};
/* End PBXFrameworksBuildPhase section */

/* Begin PBXGroup section */
		001EE77624B88F52004624BE /* ipc */ = {
			isa = PBXGroup;
			children = (
				001EE77824B88F9B004624BE /* helper_commands.h */,
				001EE77724B88F9B004624BE /* helper_commands_serialize.h */,
			);
			path = ipc;
			sourceTree = "<group>";
		};
		001EE78124B89051004624BE /* kext_client */ = {
			isa = PBXGroup;
			children = (
				001EE78224B89075004624BE /* kext_client.cpp */,
				001EE78524B89075004624BE /* kext_client.h */,
				001EE78424B89075004624BE /* kext_monitor.cpp */,
				001EE78324B89075004624BE /* kext_monitor.h */,
			);
			path = kext_client;
			sourceTree = "<group>";
		};
		001EE78824B89096004624BE /* split_tunneling */ = {
			isa = PBXGroup;
			children = (
				001EE78B24B890DE004624BE /* split_tunneling.cpp */,
				001EE78A24B890DE004624BE /* split_tunneling.h */,
			);
			path = split_tunneling;
			sourceTree = "<group>";
		};
		001EE79224B893B2004624BE /* routes_manager */ = {
			isa = PBXGroup;
			children = (
				000B36D524B8CB1500717275 /* routes.cpp */,
				000B36D424B8CB1500717275 /* routes.h */,
				000B36D124B8C39300717275 /* bound_route.cpp */,
				000B36D224B8C39300717275 /* bound_route.h */,
				001EE79324B893D1004624BE /* routes_manager.cpp */,
				001EE79424B893D1004624BE /* routes_manager.h */,
			);
			path = routes_manager;
			sourceTree = "<group>";
		};
		001F82D224BCEAAE0081515F /* ip_hostnames */ = {
			isa = PBXGroup;
			children = (
				001F82D624BCF2A80081515F /* ip_hostnames_manager.cpp */,
				001F82D324BCF2A80081515F /* ip_hostnames_manager.h */,
				001F82D524BCF2A80081515F /* ip_routes.cpp */,
				001F82D424BCF2A80081515F /* ip_routes.h */,
			);
			path = ip_hostnames;
			sourceTree = "<group>";
		};
		842A44E71B14BFBC00F308E7 = {
			isa = PBXGroup;
			children = (
				84DA0AE41B1D7EB600260E8F /* src */,
				842A44F11B14BFBC00F308E7 /* Products */,
				8434C1091FD5B9D800B7030D /* Frameworks */,
			);
			sourceTree = "<group>";
		};
		842A44F11B14BFBC00F308E7 /* Products */ = {
			isa = PBXGroup;
			children = (
				84DA0AE31B1D7EB600260E8F /* com.windscribe.helper.macos */,
			);
			name = Products;
			sourceTree = "<group>";
		};
		8434C1091FD5B9D800B7030D /* Frameworks */ = {
			isa = PBXGroup;
			children = (
				8434C10C1FD5BA1400B7030D /* Security.framework */,
				8434C10A1FD5B9D800B7030D /* CoreFoundation.framework */,
			);
			name = Frameworks;
			sourceTree = "<group>";
		};
		84DA0AE41B1D7EB600260E8F /* src */ = {
			isa = PBXGroup;
			children = (
				946225DD25140DD70032A070 /* wireguard */,
				001F82D224BCEAAE0081515F /* ip_hostnames */,
				001EE79224B893B2004624BE /* routes_manager */,
				001EE78824B89096004624BE /* split_tunneling */,
				001EE78124B89051004624BE /* kext_client */,
				001EE77624B88F52004624BE /* ipc */,
				8434C1061FD5B99C00B7030D /* keychain_utils.h */,
				8434C1071FD5B99C00B7030D /* keychain_utils.mm */,
				843077AB1DE3AE26002405EA /* execute_cmd.cpp */,
				843077AC1DE3AE26002405EA /* execute_cmd.h */,
				840B29551D6BBE88007D9519 /* server.cpp */,
				84DA0AEA1B1D7ED000260E8F /* helper-info.plist */,
				84DA0AEB1B1D7ED000260E8F /* helper-launchd.plist */,
				84DA0AEC1B1D7ED000260E8F /* helper.cpp */,
				00EBAA02247D254400C86F6F /* logger.cpp */,
				00EBAA03247D254400C86F6F /* logger.h */,
				00AB62AC249142610085A20F /* utils.cpp */,
				00AB62AD249142610085A20F /* utils.h */,
				840B29561D6BBE88007D9519 /* server.h */,
			);
			path = src;
			sourceTree = "<group>";
		};
		946225DD25140DD70032A070 /* wireguard */ = {
			isa = PBXGroup;
			children = (
				946225DE25140DD70032A070 /* defaultroutemonitor.cpp */,
				946225DF25140DD70032A070 /* wireguardadapter.cpp */,
				946225E025140DD70032A070 /* wireguardadapter.h */,
				946225E125140DD70032A070 /* defaultroutemonitor.h */,
				946225E225140DD70032A070 /* wireguardcommunicator.cpp */,
				946225E325140DD70032A070 /* wireguardcommunicator.h */,
				946225E425140DD70032A070 /* wireguardcontroller.cpp */,
				946225E525140DD70032A070 /* wireguardcontroller.h */,
			);
			path = wireguard;
			sourceTree = "<group>";
		};
/* End PBXGroup section */

/* Begin PBXNativeTarget section */
		84DA0AE21B1D7EB600260E8F /* com.windscribe.helper.macos */ = {
			isa = PBXNativeTarget;
			buildConfigurationList = 84DA0AE71B1D7EB600260E8F /* Build configuration list for PBXNativeTarget "com.windscribe.helper.macos" */;
			buildPhases = (
				84DA0ADF1B1D7EB600260E8F /* Sources */,
				84DA0AE01B1D7EB600260E8F /* Frameworks */,
				84DA0AE11B1D7EB600260E8F /* CopyFiles */,
				00561A2E24466FC600AD25ED /* Embed Libraries */,
			);
			buildRules = (
			);
			dependencies = (
			);
			name = com.windscribe.helper.macos;
			productName = helper;
			productReference = 84DA0AE31B1D7EB600260E8F /* com.windscribe.helper.macos */;
			productType = "com.apple.product-type.tool";
		};
/* End PBXNativeTarget section */

/* Begin PBXProject section */
		842A44E81B14BFBC00F308E7 /* Project object */ = {
			isa = PBXProject;
			attributes = {
				LastUpgradeCheck = 1130;
				ORGANIZATIONNAME = admin;
				TargetAttributes = {
					84DA0AE21B1D7EB600260E8F = {
						CreatedOnToolsVersion = 6.3.1;
						DevelopmentTeam = GYZJYS7XUG;
						ProvisioningStyle = Manual;
					};
				};
			};
			buildConfigurationList = 842A44EB1B14BFBC00F308E7 /* Build configuration list for PBXProject "helper" */;
			compatibilityVersion = "Xcode 3.2";
			developmentRegion = English;
			hasScannedForEncodings = 0;
			knownRegions = (
				English,
				en,
				Base,
			);
			mainGroup = 842A44E71B14BFBC00F308E7;
			productRefGroup = 842A44F11B14BFBC00F308E7 /* Products */;
			projectDirPath = "";
			projectRoot = "";
			targets = (
				84DA0AE21B1D7EB600260E8F /* com.windscribe.helper.macos */,
			);
		};
/* End PBXProject section */

/* Begin PBXSourcesBuildPhase section */
		84DA0ADF1B1D7EB600260E8F /* Sources */ = {
			isa = PBXSourcesBuildPhase;
			buildActionMask = 2147483647;
			files = (
				946225E725140DD70032A070 /* wireguardadapter.cpp in Sources */,
				001EE78624B89075004624BE /* kext_client.cpp in Sources */,
				000B36D324B8C39300717275 /* bound_route.cpp in Sources */,
				00EBAA04247D254400C86F6F /* logger.cpp in Sources */,
				001EE78724B89075004624BE /* kext_monitor.cpp in Sources */,
				843077AD1DE3AE26002405EA /* execute_cmd.cpp in Sources */,
				00AB62AE249142610085A20F /* utils.cpp in Sources */,
				001EE79524B893D1004624BE /* routes_manager.cpp in Sources */,
				8434C1081FD5B99C00B7030D /* keychain_utils.mm in Sources */,
				840B29571D6BBE88007D9519 /* server.cpp in Sources */,
				001F82D824BCF2A80081515F /* ip_hostnames_manager.cpp in Sources */,
				000B36D624B8CB1500717275 /* routes.cpp in Sources */,
				84DA0AED1B1D7ED000260E8F /* helper.cpp in Sources */,
				946225E825140DD70032A070 /* wireguardcommunicator.cpp in Sources */,
				946225E925140DD70032A070 /* wireguardcontroller.cpp in Sources */,
				001EE79024B890DF004624BE /* split_tunneling.cpp in Sources */,
				001F82D724BCF2A80081515F /* ip_routes.cpp in Sources */,
				946225E625140DD70032A070 /* defaultroutemonitor.cpp in Sources */,
			);
			runOnlyForDeploymentPostprocessing = 0;
		};
/* End PBXSourcesBuildPhase section */

/* Begin XCBuildConfiguration section */
		842A450B1B14BFBC00F308E7 /* Debug */ = {
			isa = XCBuildConfiguration;
			buildSettings = {
				ALWAYS_SEARCH_USER_PATHS = NO;
				CLANG_ANALYZER_LOCALIZABILITY_NONLOCALIZED = YES;
				CLANG_CXX_LANGUAGE_STANDARD = "gnu++0x";
				CLANG_CXX_LIBRARY = "libc++";
				CLANG_ENABLE_MODULES = YES;
				CLANG_ENABLE_OBJC_ARC = YES;
				CLANG_WARN_BLOCK_CAPTURE_AUTORELEASING = YES;
				CLANG_WARN_BOOL_CONVERSION = YES;
				CLANG_WARN_COMMA = YES;
				CLANG_WARN_CONSTANT_CONVERSION = YES;
				CLANG_WARN_DEPRECATED_OBJC_IMPLEMENTATIONS = YES;
				CLANG_WARN_DIRECT_OBJC_ISA_USAGE = YES_ERROR;
				CLANG_WARN_EMPTY_BODY = YES;
				CLANG_WARN_ENUM_CONVERSION = YES;
				CLANG_WARN_INFINITE_RECURSION = YES;
				CLANG_WARN_INT_CONVERSION = YES;
				CLANG_WARN_NON_LITERAL_NULL_CONVERSION = YES;
				CLANG_WARN_OBJC_IMPLICIT_RETAIN_SELF = YES;
				CLANG_WARN_OBJC_LITERAL_CONVERSION = YES;
				CLANG_WARN_OBJC_ROOT_CLASS = YES_ERROR;
				CLANG_WARN_RANGE_LOOP_ANALYSIS = YES;
				CLANG_WARN_STRICT_PROTOTYPES = YES;
				CLANG_WARN_SUSPICIOUS_MOVE = YES;
				CLANG_WARN_UNREACHABLE_CODE = YES;
				CLANG_WARN__DUPLICATE_METHOD_MATCH = YES;
				CODE_SIGN_IDENTITY = "3rd Party Mac Developer Application: Alexey Azanov (35NMW3MET5)";
				COPY_PHASE_STRIP = NO;
				DEBUG_INFORMATION_FORMAT = dwarf;
				ENABLE_STRICT_OBJC_MSGSEND = YES;
				ENABLE_TESTABILITY = YES;
				GCC_C_LANGUAGE_STANDARD = gnu99;
				GCC_DYNAMIC_NO_PIC = NO;
				GCC_NO_COMMON_BLOCKS = YES;
				GCC_OPTIMIZATION_LEVEL = 0;
				GCC_PREPROCESSOR_DEFINITIONS = (
					"DEBUG=1",
					"$(inherited)",
				);
				GCC_SYMBOLS_PRIVATE_EXTERN = NO;
				GCC_WARN_64_TO_32_BIT_CONVERSION = YES;
				GCC_WARN_ABOUT_RETURN_TYPE = YES_ERROR;
				GCC_WARN_UNDECLARED_SELECTOR = YES;
				GCC_WARN_UNINITIALIZED_AUTOS = YES_AGGRESSIVE;
				GCC_WARN_UNUSED_FUNCTION = YES;
				GCC_WARN_UNUSED_VARIABLE = YES;
				MACOSX_DEPLOYMENT_TARGET = 10.10;
				MTL_ENABLE_DEBUG_INFO = YES;
				ONLY_ACTIVE_ARCH = YES;
				SDKROOT = macosx;
			};
			name = Debug;
		};
		842A450C1B14BFBC00F308E7 /* Release */ = {
			isa = XCBuildConfiguration;
			buildSettings = {
				ALWAYS_SEARCH_USER_PATHS = NO;
				CLANG_ANALYZER_LOCALIZABILITY_NONLOCALIZED = YES;
				CLANG_CXX_LANGUAGE_STANDARD = "gnu++0x";
				CLANG_CXX_LIBRARY = "libc++";
				CLANG_ENABLE_MODULES = YES;
				CLANG_ENABLE_OBJC_ARC = YES;
				CLANG_WARN_BLOCK_CAPTURE_AUTORELEASING = YES;
				CLANG_WARN_BOOL_CONVERSION = YES;
				CLANG_WARN_COMMA = YES;
				CLANG_WARN_CONSTANT_CONVERSION = YES;
				CLANG_WARN_DEPRECATED_OBJC_IMPLEMENTATIONS = YES;
				CLANG_WARN_DIRECT_OBJC_ISA_USAGE = YES_ERROR;
				CLANG_WARN_EMPTY_BODY = YES;
				CLANG_WARN_ENUM_CONVERSION = YES;
				CLANG_WARN_INFINITE_RECURSION = YES;
				CLANG_WARN_INT_CONVERSION = YES;
				CLANG_WARN_NON_LITERAL_NULL_CONVERSION = YES;
				CLANG_WARN_OBJC_IMPLICIT_RETAIN_SELF = YES;
				CLANG_WARN_OBJC_LITERAL_CONVERSION = YES;
				CLANG_WARN_OBJC_ROOT_CLASS = YES_ERROR;
				CLANG_WARN_RANGE_LOOP_ANALYSIS = YES;
				CLANG_WARN_STRICT_PROTOTYPES = YES;
				CLANG_WARN_SUSPICIOUS_MOVE = YES;
				CLANG_WARN_UNREACHABLE_CODE = YES;
				CLANG_WARN__DUPLICATE_METHOD_MATCH = YES;
				CODE_SIGN_IDENTITY = "3rd Party Mac Developer Application: Alexey Azanov (35NMW3MET5)";
				COPY_PHASE_STRIP = NO;
				DEBUG_INFORMATION_FORMAT = "dwarf-with-dsym";
				ENABLE_NS_ASSERTIONS = NO;
				ENABLE_STRICT_OBJC_MSGSEND = YES;
				GCC_C_LANGUAGE_STANDARD = gnu99;
				GCC_NO_COMMON_BLOCKS = YES;
				GCC_WARN_64_TO_32_BIT_CONVERSION = YES;
				GCC_WARN_ABOUT_RETURN_TYPE = YES_ERROR;
				GCC_WARN_UNDECLARED_SELECTOR = YES;
				GCC_WARN_UNINITIALIZED_AUTOS = YES_AGGRESSIVE;
				GCC_WARN_UNUSED_FUNCTION = YES;
				GCC_WARN_UNUSED_VARIABLE = YES;
				MACOSX_DEPLOYMENT_TARGET = 10.10;
				MTL_ENABLE_DEBUG_INFO = NO;
				SDKROOT = macosx;
			};
			name = Release;
		};
		84DA0AE81B1D7EB600260E8F /* Debug */ = {
			isa = XCBuildConfiguration;
			buildSettings = {
				CLANG_CXX_LANGUAGE_STANDARD = "c++14";
				CLANG_CXX_LIBRARY = "libc++";
				CLANG_ENABLE_OBJC_ARC = YES;
				CODE_SIGN_IDENTITY = "Developer ID Application";
				CODE_SIGN_STYLE = Manual;
				DEVELOPMENT_TEAM = GYZJYS7XUG;
				ENABLE_HARDENED_RUNTIME = YES;
				GCC_PREPROCESSOR_DEFINITIONS = (
					"DEBUG=1",
					"$(inherited)",
				);
				HEADER_SEARCH_PATHS = (
					"$(inherited)",
					/Applications/Xcode.app/Contents/Developer/Toolchains/XcodeDefault.xctoolchain/usr/include,
					$HOME/LibsWindscribe/boost/include,
				);
				LIBRARY_SEARCH_PATHS = $HOME/LibsWindscribe/boost/lib;
				MACOSX_DEPLOYMENT_TARGET = 10.11;
				OTHER_LDFLAGS = (
					"-sectcreate",
					__TEXT,
					__info_plist,
					"src/helper-info.plist",
					"-sectcreate",
					__TEXT,
					__launchd_plist,
					"src/helper-launchd.plist",
					"-lboost_thread",
					"-lboost_serialization",
				);
				PRODUCT_BUNDLE_IDENTIFIER = com.windscribe.helper.macos;
				PRODUCT_NAME = com.windscribe.helper.macos;
				PROVISIONING_PROFILE = "";
				PROVISIONING_PROFILE_SPECIFIER = "";
			};
			name = Debug;
		};
		84DA0AE91B1D7EB600260E8F /* Release */ = {
			isa = XCBuildConfiguration;
			buildSettings = {
				CLANG_CXX_LANGUAGE_STANDARD = "c++14";
				CLANG_CXX_LIBRARY = "libc++";
				CLANG_ENABLE_OBJC_ARC = YES;
				CODE_SIGN_IDENTITY = "Developer ID Application";
				CODE_SIGN_STYLE = Manual;
				DEVELOPMENT_TEAM = GYZJYS7XUG;
				ENABLE_HARDENED_RUNTIME = YES;
				HEADER_SEARCH_PATHS = (
					"$(inherited)",
					/Applications/Xcode.app/Contents/Developer/Toolchains/XcodeDefault.xctoolchain/usr/include,
					$HOME/LibsWindscribe/boost/include,
				);
				LIBRARY_SEARCH_PATHS = $HOME/LibsWindscribe/boost/lib;
				MACOSX_DEPLOYMENT_TARGET = 10.11;
				OTHER_LDFLAGS = (
					"-sectcreate",
					__TEXT,
					__info_plist,
					"Src/helper-info.plist",
					"-sectcreate",
					__TEXT,
					__launchd_plist,
					"Src/helper-launchd.plist",
					"-lboost_thread",
					"-lboost_serialization",
				);
				PRODUCT_BUNDLE_IDENTIFIER = com.windscribe.helper.macos;
				PRODUCT_NAME = com.windscribe.helper.macos;
				PROVISIONING_PROFILE = "";
				PROVISIONING_PROFILE_SPECIFIER = "";
			};
			name = Release;
		};
/* End XCBuildConfiguration section */

/* Begin XCConfigurationList section */
		842A44EB1B14BFBC00F308E7 /* Build configuration list for PBXProject "helper" */ = {
			isa = XCConfigurationList;
			buildConfigurations = (
				842A450B1B14BFBC00F308E7 /* Debug */,
				842A450C1B14BFBC00F308E7 /* Release */,
			);
			defaultConfigurationIsVisible = 0;
			defaultConfigurationName = Release;
		};
		84DA0AE71B1D7EB600260E8F /* Build configuration list for PBXNativeTarget "com.windscribe.helper.macos" */ = {
			isa = XCConfigurationList;
			buildConfigurations = (
				84DA0AE81B1D7EB600260E8F /* Debug */,
				84DA0AE91B1D7EB600260E8F /* Release */,
			);
			defaultConfigurationIsVisible = 0;
			defaultConfigurationName = Release;
		};
/* End XCConfigurationList section */
	};
	rootObject = 842A44E81B14BFBC00F308E7 /* Project object */;
}
