
Microsoft Visual Studio Solution File, Format Version 12.00
# Visual Studio 15
VisualStudioVersion = 15.0.28307.1169
MinimumVisualStudioVersion = 10.0.40219.1
Project("{8BC9CEB8-8B4A-11D0-8D11-00A0C91BC942}") = "engine", "backend\engine\engine.vcxproj", "{6282AD09-3BF0-3959-9B62-0FB27764C13B}"
EndProject
Project("{8BC9CEB8-8B4A-11D0-8D11-00A0C91BC942}") = "gui", "gui\gui\gui.vcxproj", "{3100064D-856E-3C49-B1EF-3B1743348A8D}"
EndProject
Project("{8BC9CEB8-8B4A-11D0-8D11-00A0C91BC942}") = "cli", "gui\cli\cli.vcxproj", "{11D05FF8-F0C2-39D9-8D04-71BC78A212FE}"
EndProject
Project("{8BC9CEB8-8B4A-11D0-8D11-00A0C91BC942}") = "windscribelauncher", "gui\launcher\win\windscribelauncher.vcxproj", "{565EBFA6-6826-3B45-AC4E-A342E2CFAE91}"
EndProject
Project("{2150E333-8FDC-42A3-9474-1A3956D46DE8}") = "other", "other", "{223A6F0B-891F-4494-9466-5B922F341BCE}"
EndProject
Project("{8BC9CEB8-8B4A-11D0-8D11-00A0C91BC942}") = "windscribe_service", "backend\windows\windscribe_service\windscribe_service.vcxproj", "{9E9DFDD2-9071-404A-8455-83AB5BC8BAAA}"
EndProject
Project("{8BC9CEB8-8B4A-11D0-8D11-00A0C91BC942}") = "windscribe_install_helper", "backend\windows\windscribe_install_helper\windscribe_install_helper.vcxproj", "{782B75B4-1EB0-4ACC-B77A-15D4AEF7E5F9}"
EndProject
Project("{8BC9CEB8-8B4A-11D0-8D11-00A0C91BC942}") = "changeics", "backend\windows\changeics\changeics.vcxproj", "{09885945-C0BE-4DDD-9045-B31351FDB893}"
EndProject
Global
	GlobalSection(SolutionConfigurationPlatforms) = preSolution
		Debug (Embedded Engine)|x64 = Debug (Embedded Engine)|x64
		Debug (Embedded Engine)|x86 = Debug (Embedded Engine)|x86
		Debug_x64|x64 = Debug_x64|x64
		Debug_x64|x86 = Debug_x64|x86
		Debug|x64 = Debug|x64
		Debug|x86 = Debug|x86
		Release (Embedded Engine)|x64 = Release (Embedded Engine)|x64
		Release (Embedded Engine)|x86 = Release (Embedded Engine)|x86
		Release_x64|x64 = Release_x64|x64
		Release_x64|x86 = Release_x64|x86
		Release|x64 = Release|x64
		Release|x86 = Release|x86
	EndGlobalSection
	GlobalSection(ProjectConfigurationPlatforms) = postSolution
		{6282AD09-3BF0-3959-9B62-0FB27764C13B}.Debug (Embedded Engine)|x64.ActiveCfg = Debug (Embedded Engine)|Win32
		{6282AD09-3BF0-3959-9B62-0FB27764C13B}.Debug (Embedded Engine)|x86.ActiveCfg = Debug (Embedded Engine)|Win32
		{6282AD09-3BF0-3959-9B62-0FB27764C13B}.Debug (Embedded Engine)|x86.Build.0 = Debug (Embedded Engine)|Win32
		{6282AD09-3BF0-3959-9B62-0FB27764C13B}.Debug_x64|x64.ActiveCfg = Release|Win32
		{6282AD09-3BF0-3959-9B62-0FB27764C13B}.Debug_x64|x64.Build.0 = Release|Win32
		{6282AD09-3BF0-3959-9B62-0FB27764C13B}.Debug_x64|x86.ActiveCfg = Debug|Win32
		{6282AD09-3BF0-3959-9B62-0FB27764C13B}.Debug_x64|x86.Build.0 = Debug|Win32
		{6282AD09-3BF0-3959-9B62-0FB27764C13B}.Debug|x64.ActiveCfg = Debug|Win32
		{6282AD09-3BF0-3959-9B62-0FB27764C13B}.Debug|x86.ActiveCfg = Debug|Win32
		{6282AD09-3BF0-3959-9B62-0FB27764C13B}.Debug|x86.Build.0 = Debug|Win32
		{6282AD09-3BF0-3959-9B62-0FB27764C13B}.Release (Embedded Engine)|x64.ActiveCfg = Release (Embedded Engine)|Win32
		{6282AD09-3BF0-3959-9B62-0FB27764C13B}.Release (Embedded Engine)|x86.ActiveCfg = Release (Embedded Engine)|Win32
		{6282AD09-3BF0-3959-9B62-0FB27764C13B}.Release (Embedded Engine)|x86.Build.0 = Release (Embedded Engine)|Win32
		{6282AD09-3BF0-3959-9B62-0FB27764C13B}.Release_x64|x64.ActiveCfg = Release|Win32
		{6282AD09-3BF0-3959-9B62-0FB27764C13B}.Release_x64|x64.Build.0 = Release|Win32
		{6282AD09-3BF0-3959-9B62-0FB27764C13B}.Release_x64|x86.ActiveCfg = Release|Win32
		{6282AD09-3BF0-3959-9B62-0FB27764C13B}.Release_x64|x86.Build.0 = Release|Win32
		{6282AD09-3BF0-3959-9B62-0FB27764C13B}.Release|x64.ActiveCfg = Release|Win32
		{6282AD09-3BF0-3959-9B62-0FB27764C13B}.Release|x86.ActiveCfg = Release|Win32
		{6282AD09-3BF0-3959-9B62-0FB27764C13B}.Release|x86.Build.0 = Release|Win32
		{3100064D-856E-3C49-B1EF-3B1743348A8D}.Debug (Embedded Engine)|x64.ActiveCfg = Debug (Embedded Engine)|Win32
		{3100064D-856E-3C49-B1EF-3B1743348A8D}.Debug (Embedded Engine)|x86.ActiveCfg = Debug (Embedded Engine)|Win32
		{3100064D-856E-3C49-B1EF-3B1743348A8D}.Debug (Embedded Engine)|x86.Build.0 = Debug (Embedded Engine)|Win32
		{3100064D-856E-3C49-B1EF-3B1743348A8D}.Debug_x64|x64.ActiveCfg = Release|Win32
		{3100064D-856E-3C49-B1EF-3B1743348A8D}.Debug_x64|x64.Build.0 = Release|Win32
		{3100064D-856E-3C49-B1EF-3B1743348A8D}.Debug_x64|x86.ActiveCfg = Debug|Win32
		{3100064D-856E-3C49-B1EF-3B1743348A8D}.Debug_x64|x86.Build.0 = Debug|Win32
		{3100064D-856E-3C49-B1EF-3B1743348A8D}.Debug|x64.ActiveCfg = Debug|Win32
		{3100064D-856E-3C49-B1EF-3B1743348A8D}.Debug|x86.ActiveCfg = Debug|Win32
		{3100064D-856E-3C49-B1EF-3B1743348A8D}.Debug|x86.Build.0 = Debug|Win32
		{3100064D-856E-3C49-B1EF-3B1743348A8D}.Release (Embedded Engine)|x64.ActiveCfg = Release (Embedded Engine)|Win32
		{3100064D-856E-3C49-B1EF-3B1743348A8D}.Release (Embedded Engine)|x86.ActiveCfg = Release (Embedded Engine)|Win32
		{3100064D-856E-3C49-B1EF-3B1743348A8D}.Release (Embedded Engine)|x86.Build.0 = Release (Embedded Engine)|Win32
		{3100064D-856E-3C49-B1EF-3B1743348A8D}.Release_x64|x64.ActiveCfg = Release|Win32
		{3100064D-856E-3C49-B1EF-3B1743348A8D}.Release_x64|x64.Build.0 = Release|Win32
		{3100064D-856E-3C49-B1EF-3B1743348A8D}.Release_x64|x86.ActiveCfg = Release|Win32
		{3100064D-856E-3C49-B1EF-3B1743348A8D}.Release_x64|x86.Build.0 = Release|Win32
		{3100064D-856E-3C49-B1EF-3B1743348A8D}.Release|x64.ActiveCfg = Release|Win32
		{3100064D-856E-3C49-B1EF-3B1743348A8D}.Release|x86.ActiveCfg = Release|Win32
		{3100064D-856E-3C49-B1EF-3B1743348A8D}.Release|x86.Build.0 = Release|Win32
		{11D05FF8-F0C2-39D9-8D04-71BC78A212FE}.Debug (Embedded Engine)|x64.ActiveCfg = Release|Win32
		{11D05FF8-F0C2-39D9-8D04-71BC78A212FE}.Debug (Embedded Engine)|x64.Build.0 = Release|Win32
		{11D05FF8-F0C2-39D9-8D04-71BC78A212FE}.Debug (Embedded Engine)|x86.ActiveCfg = Debug|Win32
		{11D05FF8-F0C2-39D9-8D04-71BC78A212FE}.Debug (Embedded Engine)|x86.Build.0 = Debug|Win32
		{11D05FF8-F0C2-39D9-8D04-71BC78A212FE}.Debug_x64|x64.ActiveCfg = Release|Win32
		{11D05FF8-F0C2-39D9-8D04-71BC78A212FE}.Debug_x64|x64.Build.0 = Release|Win32
		{11D05FF8-F0C2-39D9-8D04-71BC78A212FE}.Debug_x64|x86.ActiveCfg = Debug|Win32
		{11D05FF8-F0C2-39D9-8D04-71BC78A212FE}.Debug_x64|x86.Build.0 = Debug|Win32
		{11D05FF8-F0C2-39D9-8D04-71BC78A212FE}.Debug|x64.ActiveCfg = Debug|Win32
		{11D05FF8-F0C2-39D9-8D04-71BC78A212FE}.Debug|x86.ActiveCfg = Debug|Win32
		{11D05FF8-F0C2-39D9-8D04-71BC78A212FE}.Debug|x86.Build.0 = Debug|Win32
		{11D05FF8-F0C2-39D9-8D04-71BC78A212FE}.Release (Embedded Engine)|x64.ActiveCfg = Release|Win32
		{11D05FF8-F0C2-39D9-8D04-71BC78A212FE}.Release (Embedded Engine)|x64.Build.0 = Release|Win32
		{11D05FF8-F0C2-39D9-8D04-71BC78A212FE}.Release (Embedded Engine)|x86.ActiveCfg = Release|Win32
		{11D05FF8-F0C2-39D9-8D04-71BC78A212FE}.Release (Embedded Engine)|x86.Build.0 = Release|Win32
		{11D05FF8-F0C2-39D9-8D04-71BC78A212FE}.Release_x64|x64.ActiveCfg = Release|Win32
		{11D05FF8-F0C2-39D9-8D04-71BC78A212FE}.Release_x64|x64.Build.0 = Release|Win32
		{11D05FF8-F0C2-39D9-8D04-71BC78A212FE}.Release_x64|x86.ActiveCfg = Release|Win32
		{11D05FF8-F0C2-39D9-8D04-71BC78A212FE}.Release_x64|x86.Build.0 = Release|Win32
		{11D05FF8-F0C2-39D9-8D04-71BC78A212FE}.Release|x64.ActiveCfg = Release|Win32
		{11D05FF8-F0C2-39D9-8D04-71BC78A212FE}.Release|x86.ActiveCfg = Release|Win32
		{11D05FF8-F0C2-39D9-8D04-71BC78A212FE}.Release|x86.Build.0 = Release|Win32
		{565EBFA6-6826-3B45-AC4E-A342E2CFAE91}.Debug (Embedded Engine)|x64.ActiveCfg = Release|Win32
		{565EBFA6-6826-3B45-AC4E-A342E2CFAE91}.Debug (Embedded Engine)|x64.Build.0 = Release|Win32
		{565EBFA6-6826-3B45-AC4E-A342E2CFAE91}.Debug (Embedded Engine)|x86.ActiveCfg = Debug|Win32
		{565EBFA6-6826-3B45-AC4E-A342E2CFAE91}.Debug (Embedded Engine)|x86.Build.0 = Debug|Win32
		{565EBFA6-6826-3B45-AC4E-A342E2CFAE91}.Debug_x64|x64.ActiveCfg = Release|Win32
		{565EBFA6-6826-3B45-AC4E-A342E2CFAE91}.Debug_x64|x64.Build.0 = Release|Win32
		{565EBFA6-6826-3B45-AC4E-A342E2CFAE91}.Debug_x64|x86.ActiveCfg = Debug|Win32
		{565EBFA6-6826-3B45-AC4E-A342E2CFAE91}.Debug_x64|x86.Build.0 = Debug|Win32
		{565EBFA6-6826-3B45-AC4E-A342E2CFAE91}.Debug|x64.ActiveCfg = Debug|Win32
		{565EBFA6-6826-3B45-AC4E-A342E2CFAE91}.Debug|x86.ActiveCfg = Debug|Win32
		{565EBFA6-6826-3B45-AC4E-A342E2CFAE91}.Debug|x86.Build.0 = Debug|Win32
		{565EBFA6-6826-3B45-AC4E-A342E2CFAE91}.Release (Embedded Engine)|x64.ActiveCfg = Release|Win32
		{565EBFA6-6826-3B45-AC4E-A342E2CFAE91}.Release (Embedded Engine)|x64.Build.0 = Release|Win32
		{565EBFA6-6826-3B45-AC4E-A342E2CFAE91}.Release (Embedded Engine)|x86.ActiveCfg = Release|Win32
		{565EBFA6-6826-3B45-AC4E-A342E2CFAE91}.Release (Embedded Engine)|x86.Build.0 = Release|Win32
		{565EBFA6-6826-3B45-AC4E-A342E2CFAE91}.Release_x64|x64.ActiveCfg = Release|Win32
		{565EBFA6-6826-3B45-AC4E-A342E2CFAE91}.Release_x64|x64.Build.0 = Release|Win32
		{565EBFA6-6826-3B45-AC4E-A342E2CFAE91}.Release_x64|x86.ActiveCfg = Release|Win32
		{565EBFA6-6826-3B45-AC4E-A342E2CFAE91}.Release_x64|x86.Build.0 = Release|Win32
		{565EBFA6-6826-3B45-AC4E-A342E2CFAE91}.Release|x64.ActiveCfg = Release|Win32
		{565EBFA6-6826-3B45-AC4E-A342E2CFAE91}.Release|x86.ActiveCfg = Release|Win32
		{565EBFA6-6826-3B45-AC4E-A342E2CFAE91}.Release|x86.Build.0 = Release|Win32
		{9E9DFDD2-9071-404A-8455-83AB5BC8BAAA}.Debug (Embedded Engine)|x64.ActiveCfg = Debug|x64
		{9E9DFDD2-9071-404A-8455-83AB5BC8BAAA}.Debug (Embedded Engine)|x64.Build.0 = Debug|x64
		{9E9DFDD2-9071-404A-8455-83AB5BC8BAAA}.Debug (Embedded Engine)|x86.ActiveCfg = Debug|Win32
		{9E9DFDD2-9071-404A-8455-83AB5BC8BAAA}.Debug (Embedded Engine)|x86.Build.0 = Debug|Win32
		{9E9DFDD2-9071-404A-8455-83AB5BC8BAAA}.Debug_x64|x64.ActiveCfg = Debug_x64|x64
		{9E9DFDD2-9071-404A-8455-83AB5BC8BAAA}.Debug_x64|x64.Build.0 = Debug_x64|x64
		{9E9DFDD2-9071-404A-8455-83AB5BC8BAAA}.Debug_x64|x86.ActiveCfg = Debug_x64|Win32
		{9E9DFDD2-9071-404A-8455-83AB5BC8BAAA}.Debug_x64|x86.Build.0 = Debug_x64|Win32
		{9E9DFDD2-9071-404A-8455-83AB5BC8BAAA}.Debug|x64.ActiveCfg = Debug|x64
		{9E9DFDD2-9071-404A-8455-83AB5BC8BAAA}.Debug|x64.Build.0 = Debug|x64
		{9E9DFDD2-9071-404A-8455-83AB5BC8BAAA}.Debug|x86.ActiveCfg = Debug|Win32
		{9E9DFDD2-9071-404A-8455-83AB5BC8BAAA}.Debug|x86.Build.0 = Debug|Win32
		{9E9DFDD2-9071-404A-8455-83AB5BC8BAAA}.Release (Embedded Engine)|x64.ActiveCfg = Release_x64|x64
		{9E9DFDD2-9071-404A-8455-83AB5BC8BAAA}.Release (Embedded Engine)|x64.Build.0 = Release_x64|x64
		{9E9DFDD2-9071-404A-8455-83AB5BC8BAAA}.Release (Embedded Engine)|x86.ActiveCfg = Release|Win32
		{9E9DFDD2-9071-404A-8455-83AB5BC8BAAA}.Release (Embedded Engine)|x86.Build.0 = Release|Win32
		{9E9DFDD2-9071-404A-8455-83AB5BC8BAAA}.Release_x64|x64.ActiveCfg = Release_x64|x64
		{9E9DFDD2-9071-404A-8455-83AB5BC8BAAA}.Release_x64|x64.Build.0 = Release_x64|x64
		{9E9DFDD2-9071-404A-8455-83AB5BC8BAAA}.Release_x64|x86.ActiveCfg = Release_x64|Win32
		{9E9DFDD2-9071-404A-8455-83AB5BC8BAAA}.Release_x64|x86.Build.0 = Release_x64|Win32
		{9E9DFDD2-9071-404A-8455-83AB5BC8BAAA}.Release|x64.ActiveCfg = Release|x64
		{9E9DFDD2-9071-404A-8455-83AB5BC8BAAA}.Release|x64.Build.0 = Release|x64
		{9E9DFDD2-9071-404A-8455-83AB5BC8BAAA}.Release|x86.ActiveCfg = Release|Win32
		{9E9DFDD2-9071-404A-8455-83AB5BC8BAAA}.Release|x86.Build.0 = Release|Win32
		{782B75B4-1EB0-4ACC-B77A-15D4AEF7E5F9}.Debug (Embedded Engine)|x64.ActiveCfg = Release|Win32
		{782B75B4-1EB0-4ACC-B77A-15D4AEF7E5F9}.Debug (Embedded Engine)|x64.Build.0 = Release|Win32
		{782B75B4-1EB0-4ACC-B77A-15D4AEF7E5F9}.Debug (Embedded Engine)|x86.ActiveCfg = Debug|Win32
		{782B75B4-1EB0-4ACC-B77A-15D4AEF7E5F9}.Debug (Embedded Engine)|x86.Build.0 = Debug|Win32
		{782B75B4-1EB0-4ACC-B77A-15D4AEF7E5F9}.Debug_x64|x64.ActiveCfg = Release|Win32
		{782B75B4-1EB0-4ACC-B77A-15D4AEF7E5F9}.Debug_x64|x64.Build.0 = Release|Win32
		{782B75B4-1EB0-4ACC-B77A-15D4AEF7E5F9}.Debug_x64|x86.ActiveCfg = Debug|Win32
		{782B75B4-1EB0-4ACC-B77A-15D4AEF7E5F9}.Debug_x64|x86.Build.0 = Debug|Win32
		{782B75B4-1EB0-4ACC-B77A-15D4AEF7E5F9}.Debug|x64.ActiveCfg = Debug|Win32
		{782B75B4-1EB0-4ACC-B77A-15D4AEF7E5F9}.Debug|x86.ActiveCfg = Debug|Win32
		{782B75B4-1EB0-4ACC-B77A-15D4AEF7E5F9}.Debug|x86.Build.0 = Debug|Win32
		{782B75B4-1EB0-4ACC-B77A-15D4AEF7E5F9}.Release (Embedded Engine)|x64.ActiveCfg = Release|Win32
		{782B75B4-1EB0-4ACC-B77A-15D4AEF7E5F9}.Release (Embedded Engine)|x64.Build.0 = Release|Win32
		{782B75B4-1EB0-4ACC-B77A-15D4AEF7E5F9}.Release (Embedded Engine)|x86.ActiveCfg = Release|Win32
		{782B75B4-1EB0-4ACC-B77A-15D4AEF7E5F9}.Release (Embedded Engine)|x86.Build.0 = Release|Win32
		{782B75B4-1EB0-4ACC-B77A-15D4AEF7E5F9}.Release_x64|x64.ActiveCfg = Release|Win32
		{782B75B4-1EB0-4ACC-B77A-15D4AEF7E5F9}.Release_x64|x64.Build.0 = Release|Win32
		{782B75B4-1EB0-4ACC-B77A-15D4AEF7E5F9}.Release_x64|x86.ActiveCfg = Release|Win32
		{782B75B4-1EB0-4ACC-B77A-15D4AEF7E5F9}.Release_x64|x86.Build.0 = Release|Win32
		{782B75B4-1EB0-4ACC-B77A-15D4AEF7E5F9}.Release|x64.ActiveCfg = Release|Win32
		{782B75B4-1EB0-4ACC-B77A-15D4AEF7E5F9}.Release|x86.ActiveCfg = Release|Win32
		{782B75B4-1EB0-4ACC-B77A-15D4AEF7E5F9}.Release|x86.Build.0 = Release|Win32
		{09885945-C0BE-4DDD-9045-B31351FDB893}.Debug (Embedded Engine)|x64.ActiveCfg = Debug|x64
		{09885945-C0BE-4DDD-9045-B31351FDB893}.Debug (Embedded Engine)|x64.Build.0 = Debug|x64
		{09885945-C0BE-4DDD-9045-B31351FDB893}.Debug (Embedded Engine)|x86.ActiveCfg = Debug|Win32
		{09885945-C0BE-4DDD-9045-B31351FDB893}.Debug (Embedded Engine)|x86.Build.0 = Debug|Win32
		{09885945-C0BE-4DDD-9045-B31351FDB893}.Debug_x64|x64.ActiveCfg = Debug_x64|x64
		{09885945-C0BE-4DDD-9045-B31351FDB893}.Debug_x64|x64.Build.0 = Debug_x64|x64
		{09885945-C0BE-4DDD-9045-B31351FDB893}.Debug_x64|x86.ActiveCfg = Debug_x64|Win32
		{09885945-C0BE-4DDD-9045-B31351FDB893}.Debug_x64|x86.Build.0 = Debug_x64|Win32
		{09885945-C0BE-4DDD-9045-B31351FDB893}.Debug|x64.ActiveCfg = Debug|x64
		{09885945-C0BE-4DDD-9045-B31351FDB893}.Debug|x64.Build.0 = Debug|x64
		{09885945-C0BE-4DDD-9045-B31351FDB893}.Debug|x86.ActiveCfg = Debug|Win32
		{09885945-C0BE-4DDD-9045-B31351FDB893}.Debug|x86.Build.0 = Debug|Win32
		{09885945-C0BE-4DDD-9045-B31351FDB893}.Release (Embedded Engine)|x64.ActiveCfg = Release|x64
		{09885945-C0BE-4DDD-9045-B31351FDB893}.Release (Embedded Engine)|x64.Build.0 = Release|x64
		{09885945-C0BE-4DDD-9045-B31351FDB893}.Release (Embedded Engine)|x86.ActiveCfg = Release|Win32
		{09885945-C0BE-4DDD-9045-B31351FDB893}.Release (Embedded Engine)|x86.Build.0 = Release|Win32
		{09885945-C0BE-4DDD-9045-B31351FDB893}.Release_x64|x64.ActiveCfg = Release_x64|x64
		{09885945-C0BE-4DDD-9045-B31351FDB893}.Release_x64|x64.Build.0 = Release_x64|x64
		{09885945-C0BE-4DDD-9045-B31351FDB893}.Release_x64|x86.ActiveCfg = Release_x64|Win32
		{09885945-C0BE-4DDD-9045-B31351FDB893}.Release_x64|x86.Build.0 = Release_x64|Win32
		{09885945-C0BE-4DDD-9045-B31351FDB893}.Release|x64.ActiveCfg = Release|x64
		{09885945-C0BE-4DDD-9045-B31351FDB893}.Release|x64.Build.0 = Release|x64
		{09885945-C0BE-4DDD-9045-B31351FDB893}.Release|x86.ActiveCfg = Release|Win32
		{09885945-C0BE-4DDD-9045-B31351FDB893}.Release|x86.Build.0 = Release|Win32
	EndGlobalSection
	GlobalSection(SolutionProperties) = preSolution
		HideSolutionNode = FALSE
	EndGlobalSection
	GlobalSection(NestedProjects) = preSolution
		{11D05FF8-F0C2-39D9-8D04-71BC78A212FE} = {223A6F0B-891F-4494-9466-5B922F341BCE}
		{565EBFA6-6826-3B45-AC4E-A342E2CFAE91} = {223A6F0B-891F-4494-9466-5B922F341BCE}
		{9E9DFDD2-9071-404A-8455-83AB5BC8BAAA} = {223A6F0B-891F-4494-9466-5B922F341BCE}
		{782B75B4-1EB0-4ACC-B77A-15D4AEF7E5F9} = {223A6F0B-891F-4494-9466-5B922F341BCE}
		{09885945-C0BE-4DDD-9045-B31351FDB893} = {223A6F0B-891F-4494-9466-5B922F341BCE}
	EndGlobalSection
	GlobalSection(ExtensibilityGlobals) = postSolution
		SolutionGuid = {D7DD560A-2320-4EB7-B975-ACC071DEEE75}
	EndGlobalSection
EndGlobal
