// !$*UTF8*$!
{
	archiveVersion = 1;
	classes = {
	};
	objectVersion = 50;
	objects = {

/* Begin PBXBuildFile section */
		000D3A9C24813C9800DC1B1D /* connections.h in Headers */ = {isa = PBXBuildFile; fileRef = 000D3A9A24813C9800DC1B1D /* connections.h */; };
		000D3A9D24813C9800DC1B1D /* connections.c in Sources */ = {isa = PBXBuildFile; fileRef = 000D3A9B24813C9800DC1B1D /* connections.c */; };
		00C7A8A62472B0B700DCEA10 /* windscribe_kext.c in Sources */ = {isa = PBXBuildFile; fileRef = 00C7A8A52472B0B700DCEA10 /* windscribe_kext.c */; };
		00D5BEAA247E68AF00850C40 /* socket_filter.h in Headers */ = {isa = PBXBuildFile; fileRef = 00D5BEA8247E68AF00850C40 /* socket_filter.h */; };
		00D5BEAB247E68AF00850C40 /* socket_filter.c in Sources */ = {isa = PBXBuildFile; fileRef = 00D5BEA9247E68AF00850C40 /* socket_filter.c */; };
		00DC7C3C247D44D6004EB68D /* mutexes.h in Headers */ = {isa = PBXBuildFile; fileRef = 00DC7C3A247D44D6004EB68D /* mutexes.h */; };
		00DC7C3D247D44D6004EB68D /* mutexes.c in Sources */ = {isa = PBXBuildFile; fileRef = 00DC7C3B247D44D6004EB68D /* mutexes.c */; };
		00EBA9F7247BF6C100C86F6F /* messaging.c in Sources */ = {isa = PBXBuildFile; fileRef = 00EBA9F5247BF6C000C86F6F /* messaging.c */; };
		00EBA9F8247BF6C100C86F6F /* messaging.h in Headers */ = {isa = PBXBuildFile; fileRef = 00EBA9F6247BF6C000C86F6F /* messaging.h */; };
		00EBA9FB247BF7D300C86F6F /* utils.h in Headers */ = {isa = PBXBuildFile; fileRef = 00EBA9F9247BF7D300C86F6F /* utils.h */; };
		00EBA9FC247BF7D300C86F6F /* utils.c in Sources */ = {isa = PBXBuildFile; fileRef = 00EBA9FA247BF7D300C86F6F /* utils.c */; };
		00EBA9FE247BFF1100C86F6F /* windscribe_kext.h in Headers */ = {isa = PBXBuildFile; fileRef = 00EBA9FD247BFF1100C86F6F /* windscribe_kext.h */; };
/* End PBXBuildFile section */

/* Begin PBXFileReference section */
		000D3A9A24813C9800DC1B1D /* connections.h */ = {isa = PBXFileReference; fileEncoding = 4; lastKnownFileType = sourcecode.c.h; path = connections.h; sourceTree = "<group>"; };
		000D3A9B24813C9800DC1B1D /* connections.c */ = {isa = PBXFileReference; fileEncoding = 4; lastKnownFileType = sourcecode.c.c; path = connections.c; sourceTree = "<group>"; };
		00C7A8A22472B0B700DCEA10 /* WindscribeKext.kext */ = {isa = PBXFileReference; explicitFileType = wrapper.cfbundle; includeInIndex = 0; path = WindscribeKext.kext; sourceTree = BUILT_PRODUCTS_DIR; };
		00C7A8A52472B0B700DCEA10 /* windscribe_kext.c */ = {isa = PBXFileReference; lastKnownFileType = sourcecode.c.c; path = windscribe_kext.c; sourceTree = "<group>"; };
		00C7A8A72472B0B700DCEA10 /* info.plist */ = {isa = PBXFileReference; lastKnownFileType = text.plist.xml; path = info.plist; sourceTree = "<group>"; };
		00D5BEA8247E68AF00850C40 /* socket_filter.h */ = {isa = PBXFileReference; lastKnownFileType = sourcecode.c.h; path = socket_filter.h; sourceTree = "<group>"; };
		00D5BEA9247E68AF00850C40 /* socket_filter.c */ = {isa = PBXFileReference; lastKnownFileType = sourcecode.c.c; path = socket_filter.c; sourceTree = "<group>"; };
		00DC7C3A247D44D6004EB68D /* mutexes.h */ = {isa = PBXFileReference; lastKnownFileType = sourcecode.c.h; path = mutexes.h; sourceTree = "<group>"; };
		00DC7C3B247D44D6004EB68D /* mutexes.c */ = {isa = PBXFileReference; lastKnownFileType = sourcecode.c.c; path = mutexes.c; sourceTree = "<group>"; };
		00EBA9F5247BF6C000C86F6F /* messaging.c */ = {isa = PBXFileReference; fileEncoding = 4; lastKnownFileType = sourcecode.c.c; path = messaging.c; sourceTree = "<group>"; };
		00EBA9F6247BF6C000C86F6F /* messaging.h */ = {isa = PBXFileReference; fileEncoding = 4; lastKnownFileType = sourcecode.c.h; path = messaging.h; sourceTree = "<group>"; };
		00EBA9F9247BF7D300C86F6F /* utils.h */ = {isa = PBXFileReference; fileEncoding = 4; lastKnownFileType = sourcecode.c.h; path = utils.h; sourceTree = "<group>"; };
		00EBA9FA247BF7D300C86F6F /* utils.c */ = {isa = PBXFileReference; fileEncoding = 4; lastKnownFileType = sourcecode.c.c; path = utils.c; sourceTree = "<group>"; };
		00EBA9FD247BFF1100C86F6F /* windscribe_kext.h */ = {isa = PBXFileReference; lastKnownFileType = sourcecode.c.h; path = windscribe_kext.h; sourceTree = "<group>"; };
/* End PBXFileReference section */

/* Begin PBXFrameworksBuildPhase section */
		00C7A89F2472B0B700DCEA10 /* Frameworks */ = {
			isa = PBXFrameworksBuildPhase;
			buildActionMask = 2147483647;
			files = (
			);
			runOnlyForDeploymentPostprocessing = 0;
		};
/* End PBXFrameworksBuildPhase section */

/* Begin PBXGroup section */
		00C7A8982472B0B700DCEA10 = {
			isa = PBXGroup;
			children = (
				00C7A8A42472B0B700DCEA10 /* windscribe_kext */,
				00C7A8A32472B0B700DCEA10 /* Products */,
			);
			sourceTree = "<group>";
		};
		00C7A8A32472B0B700DCEA10 /* Products */ = {
			isa = PBXGroup;
			children = (
				00C7A8A22472B0B700DCEA10 /* WindscribeKext.kext */,
			);
			name = Products;
			sourceTree = "<group>";
		};
		00C7A8A42472B0B700DCEA10 /* windscribe_kext */ = {
			isa = PBXGroup;
			children = (
				000D3A9B24813C9800DC1B1D /* connections.c */,
				000D3A9A24813C9800DC1B1D /* connections.h */,
				00EBA9FA247BF7D300C86F6F /* utils.c */,
				00EBA9F9247BF7D300C86F6F /* utils.h */,
				00EBA9F5247BF6C000C86F6F /* messaging.c */,
				00EBA9F6247BF6C000C86F6F /* messaging.h */,
				00C7A8A52472B0B700DCEA10 /* windscribe_kext.c */,
				00EBA9FD247BFF1100C86F6F /* windscribe_kext.h */,
				00C7A8A72472B0B700DCEA10 /* info.plist */,
				00DC7C3A247D44D6004EB68D /* mutexes.h */,
				00DC7C3B247D44D6004EB68D /* mutexes.c */,
				00D5BEA8247E68AF00850C40 /* socketFilter.h */,
				00D5BEA9247E68AF00850C40 /* socketFilter.c */,
			);
			path = windscribe_kext;
			sourceTree = "<group>";
		};
/* End PBXGroup section */

/* Begin PBXHeadersBuildPhase section */
		00C7A89D2472B0B700DCEA10 /* Headers */ = {
			isa = PBXHeadersBuildPhase;
			buildActionMask = 2147483647;
			files = (
				00EBA9FB247BF7D300C86F6F /* utils.h in Headers */,
				00EBA9F8247BF6C100C86F6F /* messaging.h in Headers */,
				00DC7C3C247D44D6004EB68D /* mutexes.h in Headers */,
				00EBA9FE247BFF1100C86F6F /* windscribe_kext.h in Headers */,
				000D3A9C24813C9800DC1B1D /* connections.h in Headers */,
				00D5BEAA247E68AF00850C40 /* socket_filter.h in Headers */,
			);
			runOnlyForDeploymentPostprocessing = 0;
		};
/* End PBXHeadersBuildPhase section */

/* Begin PBXNativeTarget section */
		00C7A8A12472B0B700DCEA10 /* windscribe_kext */ = {
			isa = PBXNativeTarget;
			buildConfigurationList = 00C7A8AA2472B0B700DCEA10 /* Build configuration list for PBXNativeTarget "windscribe_kext" */;
			buildPhases = (
				00C7A89D2472B0B700DCEA10 /* Headers */,
				00C7A89E2472B0B700DCEA10 /* Sources */,
				00C7A89F2472B0B700DCEA10 /* Frameworks */,
				00C7A8A02472B0B700DCEA10 /* Resources */,
				005C03952475C55800CD758F /* ShellScript */,
			);
			buildRules = (
			);
			dependencies = (
			);
			name = WindscribeKext;
			productName = WindscribeKext;
			productReference = 00C7A8A22472B0B700DCEA10 /* WindscribeKext.kext */;
			productType = "com.apple.product-type.kernel-extension";
		};
/* End PBXNativeTarget section */

/* Begin PBXProject section */
		00C7A8992472B0B700DCEA10 /* Project object */ = {
			isa = PBXProject;
			attributes = {
				LastUpgradeCheck = 1130;
				ORGANIZATIONNAME = "Windscribe Limited";
				TargetAttributes = {
					00C7A8A12472B0B700DCEA10 = {
						CreatedOnToolsVersion = 11.3.1;
					};
				};
			};
			buildConfigurationList = 00C7A89C2472B0B700DCEA10 /* Build configuration list for PBXProject "WindscribeKext" */;
			compatibilityVersion = "Xcode 9.3";
			developmentRegion = en;
			hasScannedForEncodings = 0;
			knownRegions = (
				en,
				Base,
			);
			mainGroup = 00C7A8982472B0B700DCEA10;
			productRefGroup = 00C7A8A32472B0B700DCEA10 /* Products */;
			projectDirPath = "";
			projectRoot = "";
			targets = (
				00C7A8A12472B0B700DCEA10 /* WindscribeKext */,
			);
		};
/* End PBXProject section */

/* Begin PBXResourcesBuildPhase section */
		00C7A8A02472B0B700DCEA10 /* Resources */ = {
			isa = PBXResourcesBuildPhase;
			buildActionMask = 2147483647;
			files = (
			);
			runOnlyForDeploymentPostprocessing = 0;
		};
/* End PBXResourcesBuildPhase section */

/* Begin PBXShellScriptBuildPhase section */
		005C03952475C55800CD758F /* ShellScript */ = {
			isa = PBXShellScriptBuildPhase;
			buildActionMask = 2147483647;
			files = (
			);
			inputFileListPaths = (
			);
			inputPaths = (
			);
			outputFileListPaths = (
			);
			outputPaths = (
			);
			runOnlyForDeploymentPostprocessing = 0;
			shellPath = /bin/sh;
			shellScript = "# Type a script or drag a script file from your workspace to insert its path.\nexit 0\nexport SUDO_ASKPASS=/Users/aaa/Documents/askpassword.sh\nsudo -A rm -rf \"/Users/aaa/Documents/WindscribeKext/WindscribeKext.kext\"\ncp -a $BUILD_DIR/Debug/WindscribeKext.kext /Users/aaa/Documents/WindscribeKext/WindscribeKext.kext\ncodesign --force --deep \"/Users/aaa/Documents/WindscribeKext/WindscribeKext.kext\" -s \"Developer ID Application: Windscribe Limited (GYZJYS7XUG)\" --options runtime --timestamp\nsudo chown -R root:wheel \"/Users/aaa/Documents/WindscribeKext/WindscribeKext.kext\"\n";
		};
/* End PBXShellScriptBuildPhase section */

/* Begin PBXSourcesBuildPhase section */
		00C7A89E2472B0B700DCEA10 /* Sources */ = {
			isa = PBXSourcesBuildPhase;
			buildActionMask = 2147483647;
			files = (
				00EBA9FC247BF7D300C86F6F /* utils.c in Sources */,
				000D3A9D24813C9800DC1B1D /* connections.c in Sources */,
				00DC7C3D247D44D6004EB68D /* mutexes.c in Sources */,
				00EBA9F7247BF6C100C86F6F /* messaging.c in Sources */,
				00C7A8A62472B0B700DCEA10 /* windscribe_kext.c in Sources */,
				00D5BEAB247E68AF00850C40 /* socket_filter.c in Sources */,
			);
			runOnlyForDeploymentPostprocessing = 0;
		};
/* End PBXSourcesBuildPhase section */

/* Begin XCBuildConfiguration section */
		00C7A8A82472B0B700DCEA10 /* Debug */ = {
			isa = XCBuildConfiguration;
			buildSettings = {
				ALWAYS_SEARCH_USER_PATHS = NO;
				CLANG_ANALYZER_NONNULL = YES;
				CLANG_ANALYZER_NUMBER_OBJECT_CONVERSION = YES_AGGRESSIVE;
				CLANG_CXX_LANGUAGE_STANDARD = "gnu++14";
				CLANG_CXX_LIBRARY = "libc++";
				CLANG_ENABLE_MODULES = YES;
				CLANG_ENABLE_OBJC_ARC = YES;
				CLANG_ENABLE_OBJC_WEAK = YES;
				CLANG_WARN_BLOCK_CAPTURE_AUTORELEASING = YES;
				CLANG_WARN_BOOL_CONVERSION = YES;
				CLANG_WARN_COMMA = YES;
				CLANG_WARN_CONSTANT_CONVERSION = YES;
				CLANG_WARN_DEPRECATED_OBJC_IMPLEMENTATIONS = YES;
				CLANG_WARN_DIRECT_OBJC_ISA_USAGE = YES_ERROR;
				CLANG_WARN_DOCUMENTATION_COMMENTS = YES;
				CLANG_WARN_EMPTY_BODY = YES;
				CLANG_WARN_ENUM_CONVERSION = YES;
				CLANG_WARN_INFINITE_RECURSION = YES;
				CLANG_WARN_INT_CONVERSION = YES;
				CLANG_WARN_NON_LITERAL_NULL_CONVERSION = YES;
				CLANG_WARN_OBJC_IMPLICIT_RETAIN_SELF = YES;
				CLANG_WARN_OBJC_LITERAL_CONVERSION = YES;
				CLANG_WARN_OBJC_ROOT_CLASS = YES_ERROR;
				CLANG_WARN_RANGE_LOOP_ANALYSIS = YES;
				CLANG_WARN_STRICT_PROTOTYPES = YES;
				CLANG_WARN_SUSPICIOUS_MOVE = YES;
				CLANG_WARN_UNGUARDED_AVAILABILITY = YES_AGGRESSIVE;
				CLANG_WARN_UNREACHABLE_CODE = YES;
				CLANG_WARN__DUPLICATE_METHOD_MATCH = YES;
				COPY_PHASE_STRIP = NO;
				DEBUG_INFORMATION_FORMAT = dwarf;
				ENABLE_STRICT_OBJC_MSGSEND = YES;
				ENABLE_TESTABILITY = YES;
				GCC_C_LANGUAGE_STANDARD = gnu11;
				GCC_DYNAMIC_NO_PIC = NO;
				GCC_NO_COMMON_BLOCKS = YES;
				GCC_OPTIMIZATION_LEVEL = 0;
				GCC_PREPROCESSOR_DEFINITIONS = (
					"DEBUG=1",
					"$(inherited)",
				);
				GCC_WARN_64_TO_32_BIT_CONVERSION = YES;
				GCC_WARN_ABOUT_RETURN_TYPE = YES_ERROR;
				GCC_WARN_UNDECLARED_SELECTOR = YES;
				GCC_WARN_UNINITIALIZED_AUTOS = YES_AGGRESSIVE;
				GCC_WARN_UNUSED_FUNCTION = YES;
				GCC_WARN_UNUSED_VARIABLE = YES;
				MACOSX_DEPLOYMENT_TARGET = 10.11;
				MTL_ENABLE_DEBUG_INFO = INCLUDE_SOURCE;
				MTL_FAST_MATH = YES;
				ONLY_ACTIVE_ARCH = YES;
				SDKROOT = macosx;
			};
			name = Debug;
		};
		00C7A8A92472B0B700DCEA10 /* Release */ = {
			isa = XCBuildConfiguration;
			buildSettings = {
				ALWAYS_SEARCH_USER_PATHS = NO;
				CLANG_ANALYZER_NONNULL = YES;
				CLANG_ANALYZER_NUMBER_OBJECT_CONVERSION = YES_AGGRESSIVE;
				CLANG_CXX_LANGUAGE_STANDARD = "gnu++14";
				CLANG_CXX_LIBRARY = "libc++";
				CLANG_ENABLE_MODULES = YES;
				CLANG_ENABLE_OBJC_ARC = YES;
				CLANG_ENABLE_OBJC_WEAK = YES;
				CLANG_WARN_BLOCK_CAPTURE_AUTORELEASING = YES;
				CLANG_WARN_BOOL_CONVERSION = YES;
				CLANG_WARN_COMMA = YES;
				CLANG_WARN_CONSTANT_CONVERSION = YES;
				CLANG_WARN_DEPRECATED_OBJC_IMPLEMENTATIONS = YES;
				CLANG_WARN_DIRECT_OBJC_ISA_USAGE = YES_ERROR;
				CLANG_WARN_DOCUMENTATION_COMMENTS = YES;
				CLANG_WARN_EMPTY_BODY = YES;
				CLANG_WARN_ENUM_CONVERSION = YES;
				CLANG_WARN_INFINITE_RECURSION = YES;
				CLANG_WARN_INT_CONVERSION = YES;
				CLANG_WARN_NON_LITERAL_NULL_CONVERSION = YES;
				CLANG_WARN_OBJC_IMPLICIT_RETAIN_SELF = YES;
				CLANG_WARN_OBJC_LITERAL_CONVERSION = YES;
				CLANG_WARN_OBJC_ROOT_CLASS = YES_ERROR;
				CLANG_WARN_RANGE_LOOP_ANALYSIS = YES;
				CLANG_WARN_STRICT_PROTOTYPES = YES;
				CLANG_WARN_SUSPICIOUS_MOVE = YES;
				CLANG_WARN_UNGUARDED_AVAILABILITY = YES_AGGRESSIVE;
				CLANG_WARN_UNREACHABLE_CODE = YES;
				CLANG_WARN__DUPLICATE_METHOD_MATCH = YES;
				COPY_PHASE_STRIP = NO;
				DEBUG_INFORMATION_FORMAT = "dwarf-with-dsym";
				ENABLE_NS_ASSERTIONS = NO;
				ENABLE_STRICT_OBJC_MSGSEND = YES;
				GCC_C_LANGUAGE_STANDARD = gnu11;
				GCC_NO_COMMON_BLOCKS = YES;
				GCC_WARN_64_TO_32_BIT_CONVERSION = YES;
				GCC_WARN_ABOUT_RETURN_TYPE = YES_ERROR;
				GCC_WARN_UNDECLARED_SELECTOR = YES;
				GCC_WARN_UNINITIALIZED_AUTOS = YES_AGGRESSIVE;
				GCC_WARN_UNUSED_FUNCTION = YES;
				GCC_WARN_UNUSED_VARIABLE = YES;
				MACOSX_DEPLOYMENT_TARGET = 10.11;
				MTL_ENABLE_DEBUG_INFO = NO;
				MTL_FAST_MATH = YES;
				SDKROOT = macosx;
			};
			name = Release;
		};
		00C7A8AB2472B0B700DCEA10 /* Debug */ = {
			isa = XCBuildConfiguration;
			buildSettings = {
				CODE_SIGN_IDENTITY = "-";
				CODE_SIGN_INJECT_BASE_ENTITLEMENTS = NO;
				CODE_SIGN_STYLE = Manual;
				DEVELOPMENT_TEAM = "";
				INFOPLIST_FILE = windscribe_kext/info.plist;
				MACOSX_DEPLOYMENT_TARGET = 10.11;
				MODULE_NAME = com.WindscribeKext;
				MODULE_START = WindscribeKext_start;
				MODULE_STOP = WindscribeKext_stop;
				MODULE_VERSION = 1.0.0;
				PRODUCT_BUNDLE_IDENTIFIER = com.windscribe.kext;
				PRODUCT_NAME = "$(TARGET_NAME)";
				PROVISIONING_PROFILE_SPECIFIER = "";
				WRAPPER_EXTENSION = kext;
			};
			name = Debug;
		};
		00C7A8AC2472B0B700DCEA10 /* Release */ = {
			isa = XCBuildConfiguration;
			buildSettings = {
				CODE_SIGN_IDENTITY = "-";
				CODE_SIGN_INJECT_BASE_ENTITLEMENTS = NO;
				CODE_SIGN_STYLE = Manual;
				DEVELOPMENT_TEAM = "";
				INFOPLIST_FILE = windscribe_kext/info.plist;
				MACOSX_DEPLOYMENT_TARGET = 10.11;
				MODULE_NAME = com.WindscribeKext;
				MODULE_START = WindscribeKext_start;
				MODULE_STOP = WindscribeKext_stop;
				MODULE_VERSION = 1.0.0;
				PRODUCT_BUNDLE_IDENTIFIER = com.windscribe.kext;
				PRODUCT_NAME = "$(TARGET_NAME)";
				PROVISIONING_PROFILE_SPECIFIER = "";
				WRAPPER_EXTENSION = kext;
			};
			name = Release;
		};
/* End XCBuildConfiguration section */

/* Begin XCConfigurationList section */
		00C7A89C2472B0B700DCEA10 /* Build configuration list for PBXProject "WindscribeKext" */ = {
			isa = XCConfigurationList;
			buildConfigurations = (
				00C7A8A82472B0B700DCEA10 /* Debug */,
				00C7A8A92472B0B700DCEA10 /* Release */,
			);
			defaultConfigurationIsVisible = 0;
			defaultConfigurationName = Release;
		};
		00C7A8AA2472B0B700DCEA10 /* Build configuration list for PBXNativeTarget "WindscribeKext" */ = {
			isa = XCConfigurationList;
			buildConfigurations = (
				00C7A8AB2472B0B700DCEA10 /* Debug */,
				00C7A8AC2472B0B700DCEA10 /* Release */,
			);
			defaultConfigurationIsVisible = 0;
			defaultConfigurationName = Release;
		};
/* End XCConfigurationList section */
	};
	rootObject = 00C7A8992472B0B700DCEA10 /* Project object */;
}
