<?xml version="1.0" encoding="utf-8"?>
<Project xmlns="http://schemas.microsoft.com/developer/msbuild/2003">
  <ItemGroup>
    <Filter Include="Header Files">
      <UniqueIdentifier>{93995380-89BD-4b04-88EB-625FBE52EBFB}</UniqueIdentifier>
      <Extensions>h;hpp;hxx;hm;inl;inc;xsd</Extensions>
    </Filter>
    <Filter Include="Header Files">
      <UniqueIdentifier>{93995380-89BD-4b04-88EB-625FBE52EBFB}</UniqueIdentifier>
      <Extensions>h;hpp;hxx;hm;inl;inc;xsd</Extensions>
    </Filter>
    <Filter Include="Source Files">
      <UniqueIdentifier>{4FC737F1-C7A5-4376-A066-2A32D752A2FF}</UniqueIdentifier>
      <Extensions>cpp;c;cxx;def;odl;idl;hpj;bat;asm;asmx</Extensions>
    </Filter>
    <Filter Include="Source Files">
      <UniqueIdentifier>{4FC737F1-C7A5-4376-A066-2A32D752A2FF}</UniqueIdentifier>
      <Extensions>cpp;c;cxx;def;odl;idl;hpj;bat;asm;asmx</Extensions>
    </Filter>
  </ItemGroup>
  <ItemGroup>
    <ClCompile Include="certstorage.cpp">
      <Filter>Source Files</Filter>
    </ClCompile>
    <ClCompile Include="httpconnection.cpp">
      <Filter>Source Files</Filter>
    </ClCompile>
    <ClCompile Include="httpconnectionmanager.cpp">
      <Filter>Source Files</Filter>
    </ClCompile>
    <ClCompile Include="httpreply.cpp">
      <Filter>Source Files</Filter>
    </ClCompile>
    <ClCompile Include="httprequest.cpp">
      <Filter>Source Files</Filter>
    </ClCompile>
    <ClCompile Include="httprequesthandler.cpp">
      <Filter>Source Files</Filter>
    </ClCompile>
    <ClCompile Include="httprequestparser.cpp">
      <Filter>Source Files</Filter>
    </ClCompile>
    <ClCompile Include="httprequestratelimitcontroller.cpp">
      <Filter>Source Files</Filter>
    </ClCompile>
    <ClCompile Include="localhttpsserver.cpp">
      <Filter>Source Files</Filter>
    </ClCompile>
    <ClCompile Include="server.cpp">
      <Filter>Source Files</Filter>
    </ClCompile>
    <ClCompile Include="simple_crypt.cpp">
      <Filter>Source Files</Filter>
    </ClCompile>
  </ItemGroup>
  <ItemGroup>
    <ClInclude Include="certstorage.h">
      <Filter>Header Files</Filter>
    </ClInclude>
    <ClInclude Include="httpconnection.h">
      <Filter>Header Files</Filter>
    </ClInclude>
    <ClInclude Include="httpconnectionmanager.h">
      <Filter>Header Files</Filter>
    </ClInclude>
    <ClInclude Include="httpheader.h">
      <Filter>Header Files</Filter>
    </ClInclude>
    <ClInclude Include="httpreply.h">
      <Filter>Header Files</Filter>
    </ClInclude>
    <ClInclude Include="httprequest.h">
      <Filter>Header Files</Filter>
    </ClInclude>
    <ClInclude Include="httprequesthandler.h">
      <Filter>Header Files</Filter>
    </ClInclude>
    <ClInclude Include="httprequestparser.h">
      <Filter>Header Files</Filter>
    </ClInclude>
    <ClInclude Include="httprequestratelimitcontroller.h">
      <Filter>Header Files</Filter>
    </ClInclude>
    <ClInclude Include="server.h">
      <Filter>Header Files</Filter>
    </ClInclude>
    <ClInclude Include="simple_crypt.h">
      <Filter>Header Files</Filter>
    </ClInclude>
    <ClInclude Include="types.h">
      <Filter>Header Files</Filter>
    </ClInclude>
  </ItemGroup>
  <ItemGroup>
    <ResourceCompile Include="wsappcontrol.rc" />
  </ItemGroup>
</Project>